
Microsoft Visual Studio Solution File, Format Version 12.00
# Visual Studio Version 16
VisualStudioVersion = 16.0.29102.190
MinimumVisualStudioVersion = 15.0.26124.0
Project("{9A19103F-16F7-4668-BE54-9A1E7A4F7556}") = "Svg.Skia", "src\Svg.Skia\Svg.Skia.csproj", "{3E4E8B64-FF8F-4B07-AE82-81E5FC2DDE59}"
EndProject
Project("{2150E333-8FDC-42A3-9474-1A3956D46DE8}") = "src", "src", "{4C42912C-9F8C-43D9-A4B5-4427F7EC8F18}"
EndProject
Project("{2150E333-8FDC-42A3-9474-1A3956D46DE8}") = "build", "build", "{32B4A27D-6FC0-498C-9AD8-5510ACF2C4A1}"
	ProjectSection(SolutionItems) = preProject
		.editorconfig = .editorconfig
		.nuke = .nuke
		build.ps1 = build.ps1
		build.sh = build.sh
		global.json = global.json
		build\svg.skia.public.snk = build\svg.skia.public.snk
	EndProjectSection
EndProject
Project("{2150E333-8FDC-42A3-9474-1A3956D46DE8}") = "docs", "docs", "{8F2FA341-A87B-4BF8-986F-95A123073091}"
	ProjectSection(SolutionItems) = preProject
		CHANGELOG.md = CHANGELOG.md
		LICENSE.TXT = LICENSE.TXT
		README.md = README.md
	EndProjectSection
EndProject
Project("{2150E333-8FDC-42A3-9474-1A3956D46DE8}") = "git", "git", "{62AC62E7-F0DB-4D3E-8CC5-DEAE81B4F942}"
	ProjectSection(SolutionItems) = preProject
		.gitattributes = .gitattributes
		.gitignore = .gitignore
		.gitmodules = .gitmodules
	EndProjectSection
EndProject
Project("{2150E333-8FDC-42A3-9474-1A3956D46DE8}") = "nuget", "nuget", "{8B5AC9F1-91D3-4D14-9875-E9A4D2C96BA3}"
	ProjectSection(SolutionItems) = preProject
		NuGet.Config = NuGet.Config
	EndProjectSection
EndProject
Project("{9A19103F-16F7-4668-BE54-9A1E7A4F7556}") = "_build", "build\build\_build.csproj", "{D0720395-9892-4CE1-9F25-C6117085B6F8}"
EndProject
Project("{2150E333-8FDC-42A3-9474-1A3956D46DE8}") = "props", "props", "{5BFEF4F8-2BA7-4050-8E5B-F03A072C2B17}"
	ProjectSection(SolutionItems) = preProject
		build\Avalonia.Desktop.props = build\Avalonia.Desktop.props
		build\Avalonia.Diagnostics.props = build\Avalonia.Diagnostics.props
		build\Avalonia.props = build\Avalonia.props
		build\Avalonia.ReactiveUI.props = build\Avalonia.ReactiveUI.props
		build\Avalonia.Skia.props = build\Avalonia.Skia.props
		build\Base.props = build\Base.props
		build\HarfBuzzSharp.NativeAssets.Linux.props = build\HarfBuzzSharp.NativeAssets.Linux.props
		build\Newtonsoft.Json.props = build\Newtonsoft.Json.props
		build\ReferenceAssemblies.props = build\ReferenceAssemblies.props
		build\SignAssembly.props = build\SignAssembly.props
		build\SixLabors.ImageSharp.props = build\SixLabors.ImageSharp.props
		build\SkiaSharp.HarfBuzz.props = build\SkiaSharp.HarfBuzz.props
		build\SkiaSharp.Linux.props = build\SkiaSharp.Linux.props
		build\SkiaSharp.props = build\SkiaSharp.props
		build\Svg.props = build\Svg.props
		build\System.CommandLine.props = build\System.CommandLine.props
		build\XUnit.props = build\XUnit.props
	EndProjectSection
EndProject
Project("{2150E333-8FDC-42A3-9474-1A3956D46DE8}") = "tests", "tests", "{7863AE7D-FF68-45BF-BA68-6FA0E5604CB7}"
EndProject
Project("{9A19103F-16F7-4668-BE54-9A1E7A4F7556}") = "Svg.Skia.UnitTests", "tests\Svg.Skia.UnitTests\Svg.Skia.UnitTests.csproj", "{1BD5FA09-D543-4315-99A6-81E9DD8746EC}"
EndProject
Project("{2150E333-8FDC-42A3-9474-1A3956D46DE8}") = "samples", "samples", "{B65D5B3A-77BE-4AFF-B502-A136B9C932F8}"
EndProject
Project("{9A19103F-16F7-4668-BE54-9A1E7A4F7556}") = "Avalonia.Svg.Skia", "src\Avalonia.Svg.Skia\Avalonia.Svg.Skia.csproj", "{8BAAB509-6073-4D68-9F16-EA28986839B1}"
EndProject
Project("{9A19103F-16F7-4668-BE54-9A1E7A4F7556}") = "AvaloniaSgvImage", "samples\AvaloniaSgvImage\AvaloniaSgvImage.csproj", "{81724F00-B7C3-4E25-B473-C7433BABDC81}"
EndProject
Project("{9A19103F-16F7-4668-BE54-9A1E7A4F7556}") = "Svg.Custom", "src\Svg.Custom\Svg.Custom.csproj", "{CFA46E73-0050-4C57-85CE-6C5868A2483C}"
EndProject
Project("{9A19103F-16F7-4668-BE54-9A1E7A4F7556}") = "Svg.Skia.Avalonia.UnitTests", "tests\Svg.Skia.Avalonia.UnitTests\Svg.Skia.Avalonia.UnitTests.csproj", "{D4467DCA-494D-4C32-9525-4A9713221A53}"
EndProject
Project("{9A19103F-16F7-4668-BE54-9A1E7A4F7556}") = "SvgToPng", "samples\SvgToPng\SvgToPng.csproj", "{522D1709-55DB-4930-8D49-8EDCE8994ECB}"
EndProject
Project("{9A19103F-16F7-4668-BE54-9A1E7A4F7556}") = "Svg.Skia.Converter", "samples\Svg.Skia.Converter\Svg.Skia.Converter.csproj", "{CA040840-EB98-4A35-8B20-D85AD8381EBB}"
EndProject
Project("{9A19103F-16F7-4668-BE54-9A1E7A4F7556}") = "Svg.Model", "src\Svg.Model\Svg.Model.csproj", "{4C970B2C-6C96-445B-B80B-4EFBF803FD5F}"
EndProject
Project("{9A19103F-16F7-4668-BE54-9A1E7A4F7556}") = "Svg.Skia.CodeGen", "src\Svg.Skia.CodeGen\Svg.Skia.CodeGen.csproj", "{29F59C87-EAE6-4DD3-8666-B79BFAF6B34D}"
EndProject
Project("{9A19103F-16F7-4668-BE54-9A1E7A4F7556}") = "Svg.Skia.SourceGenerator", "src\Svg.Skia.SourceGenerator\Svg.Skia.SourceGenerator.csproj", "{4E666156-B741-49BF-8ADB-4A3ED7B014A5}"
EndProject
Project("{9A19103F-16F7-4668-BE54-9A1E7A4F7556}") = "svgc", "samples\svgc\svgc.csproj", "{11CDD679-A078-4F05-B72D-15A5A79206EB}"
EndProject
Project("{9A19103F-16F7-4668-BE54-9A1E7A4F7556}") = "AvaloniaSample", "samples\AvaloniaSample\AvaloniaSample.csproj", "{6CF9532C-72AF-4509-BE5A-D6B4821BC6DC}"
EndProject
Project("{9A19103F-16F7-4668-BE54-9A1E7A4F7556}") = "Svg.Skia.SourceGenerator.Sample", "samples\Svg.Skia.SourceGenerator.Sample\Svg.Skia.SourceGenerator.Sample.csproj", "{DE4FB2BF-C204-4964-930E-BD22E1168040}"
EndProject
Project("{9A19103F-16F7-4668-BE54-9A1E7A4F7556}") = "Avalonia.Svg", "src\Avalonia.Svg\Avalonia.Svg.csproj", "{8B0407E4-0A8A-4F46-A218-B9FE500091A4}"
EndProject
Project("{9A19103F-16F7-4668-BE54-9A1E7A4F7556}") = "Avalonia.SKPictureImage", "src\Avalonia.SKPictureImage\Avalonia.SKPictureImage.csproj", "{223B7A5A-E263-4D40-9A6E-FE31EAE92F45}"
EndProject
Project("{2150E333-8FDC-42A3-9474-1A3956D46DE8}") = "experimental", "experimental", "{64A83705-2C93-46EB-858D-76C81AAC7151}"
EndProject
Project("{9A19103F-16F7-4668-BE54-9A1E7A4F7556}") = "SvgXml.Xml", "experimental\SvgXml.Xml\SvgXml.Xml.csproj", "{AB62FFBA-04D0-4240-86AA-4D435C62856A}"
EndProject
Project("{9A19103F-16F7-4668-BE54-9A1E7A4F7556}") = "SvgXml.Test", "experimental\SvgXml.Test\SvgXml.Test.csproj", "{CE71F08D-3803-4166-B679-EEB36A79F629}"
EndProject
Project("{9A19103F-16F7-4668-BE54-9A1E7A4F7556}") = "SvgXml.Svg", "experimental\SvgXml.Svg\SvgXml.Svg.csproj", "{E301F89A-1A6F-4A97-9E84-81D9329637E5}"
EndProject
Project("{9A19103F-16F7-4668-BE54-9A1E7A4F7556}") = "SvgXml.Css", "experimental\SvgXml.Css\SvgXml.Css.csproj", "{12D79EDB-5B5A-4A87-904E-E50DFF3C874D}"
EndProject
Project("{9A19103F-16F7-4668-BE54-9A1E7A4F7556}") = "SvgXml.Diagnostics", "experimental\SvgXml.Diagnostics\SvgXml.Diagnostics.csproj", "{705D1C16-7604-4C49-AF60-55A25D2120A8}"
EndProject
Global
	GlobalSection(SolutionConfigurationPlatforms) = preSolution
		Debug|Any CPU = Debug|Any CPU
		Debug|ARM = Debug|ARM
		Debug|iPhone = Debug|iPhone
		Debug|iPhoneSimulator = Debug|iPhoneSimulator
		Debug|x64 = Debug|x64
		Debug|x86 = Debug|x86
		Release|Any CPU = Release|Any CPU
		Release|ARM = Release|ARM
		Release|iPhone = Release|iPhone
		Release|iPhoneSimulator = Release|iPhoneSimulator
		Release|x64 = Release|x64
		Release|x86 = Release|x86
	EndGlobalSection
	GlobalSection(ProjectConfigurationPlatforms) = postSolution
		{3E4E8B64-FF8F-4B07-AE82-81E5FC2DDE59}.Debug|Any CPU.ActiveCfg = Debug|Any CPU
		{3E4E8B64-FF8F-4B07-AE82-81E5FC2DDE59}.Debug|Any CPU.Build.0 = Debug|Any CPU
		{3E4E8B64-FF8F-4B07-AE82-81E5FC2DDE59}.Debug|ARM.ActiveCfg = Debug|Any CPU
		{3E4E8B64-FF8F-4B07-AE82-81E5FC2DDE59}.Debug|ARM.Build.0 = Debug|Any CPU
		{3E4E8B64-FF8F-4B07-AE82-81E5FC2DDE59}.Debug|iPhone.ActiveCfg = Debug|Any CPU
		{3E4E8B64-FF8F-4B07-AE82-81E5FC2DDE59}.Debug|iPhone.Build.0 = Debug|Any CPU
		{3E4E8B64-FF8F-4B07-AE82-81E5FC2DDE59}.Debug|iPhoneSimulator.ActiveCfg = Debug|Any CPU
		{3E4E8B64-FF8F-4B07-AE82-81E5FC2DDE59}.Debug|iPhoneSimulator.Build.0 = Debug|Any CPU
		{3E4E8B64-FF8F-4B07-AE82-81E5FC2DDE59}.Debug|x64.ActiveCfg = Debug|Any CPU
		{3E4E8B64-FF8F-4B07-AE82-81E5FC2DDE59}.Debug|x64.Build.0 = Debug|Any CPU
		{3E4E8B64-FF8F-4B07-AE82-81E5FC2DDE59}.Debug|x86.ActiveCfg = Debug|Any CPU
		{3E4E8B64-FF8F-4B07-AE82-81E5FC2DDE59}.Debug|x86.Build.0 = Debug|Any CPU
		{3E4E8B64-FF8F-4B07-AE82-81E5FC2DDE59}.Release|Any CPU.ActiveCfg = Release|Any CPU
		{3E4E8B64-FF8F-4B07-AE82-81E5FC2DDE59}.Release|Any CPU.Build.0 = Release|Any CPU
		{3E4E8B64-FF8F-4B07-AE82-81E5FC2DDE59}.Release|ARM.ActiveCfg = Release|Any CPU
		{3E4E8B64-FF8F-4B07-AE82-81E5FC2DDE59}.Release|ARM.Build.0 = Release|Any CPU
		{3E4E8B64-FF8F-4B07-AE82-81E5FC2DDE59}.Release|iPhone.ActiveCfg = Release|Any CPU
		{3E4E8B64-FF8F-4B07-AE82-81E5FC2DDE59}.Release|iPhone.Build.0 = Release|Any CPU
		{3E4E8B64-FF8F-4B07-AE82-81E5FC2DDE59}.Release|iPhoneSimulator.ActiveCfg = Release|Any CPU
		{3E4E8B64-FF8F-4B07-AE82-81E5FC2DDE59}.Release|iPhoneSimulator.Build.0 = Release|Any CPU
		{3E4E8B64-FF8F-4B07-AE82-81E5FC2DDE59}.Release|x64.ActiveCfg = Release|Any CPU
		{3E4E8B64-FF8F-4B07-AE82-81E5FC2DDE59}.Release|x64.Build.0 = Release|Any CPU
		{3E4E8B64-FF8F-4B07-AE82-81E5FC2DDE59}.Release|x86.ActiveCfg = Release|Any CPU
		{3E4E8B64-FF8F-4B07-AE82-81E5FC2DDE59}.Release|x86.Build.0 = Release|Any CPU
		{D0720395-9892-4CE1-9F25-C6117085B6F8}.Debug|Any CPU.ActiveCfg = Debug|Any CPU
		{D0720395-9892-4CE1-9F25-C6117085B6F8}.Debug|Any CPU.Build.0 = Debug|Any CPU
		{D0720395-9892-4CE1-9F25-C6117085B6F8}.Debug|ARM.ActiveCfg = Debug|Any CPU
		{D0720395-9892-4CE1-9F25-C6117085B6F8}.Debug|ARM.Build.0 = Debug|Any CPU
		{D0720395-9892-4CE1-9F25-C6117085B6F8}.Debug|iPhone.ActiveCfg = Debug|Any CPU
		{D0720395-9892-4CE1-9F25-C6117085B6F8}.Debug|iPhone.Build.0 = Debug|Any CPU
		{D0720395-9892-4CE1-9F25-C6117085B6F8}.Debug|iPhoneSimulator.ActiveCfg = Debug|Any CPU
		{D0720395-9892-4CE1-9F25-C6117085B6F8}.Debug|iPhoneSimulator.Build.0 = Debug|Any CPU
		{D0720395-9892-4CE1-9F25-C6117085B6F8}.Debug|x64.ActiveCfg = Debug|Any CPU
		{D0720395-9892-4CE1-9F25-C6117085B6F8}.Debug|x64.Build.0 = Debug|Any CPU
		{D0720395-9892-4CE1-9F25-C6117085B6F8}.Debug|x86.ActiveCfg = Debug|Any CPU
		{D0720395-9892-4CE1-9F25-C6117085B6F8}.Debug|x86.Build.0 = Debug|Any CPU
		{D0720395-9892-4CE1-9F25-C6117085B6F8}.Release|Any CPU.ActiveCfg = Release|Any CPU
		{D0720395-9892-4CE1-9F25-C6117085B6F8}.Release|Any CPU.Build.0 = Release|Any CPU
		{D0720395-9892-4CE1-9F25-C6117085B6F8}.Release|ARM.ActiveCfg = Release|Any CPU
		{D0720395-9892-4CE1-9F25-C6117085B6F8}.Release|ARM.Build.0 = Release|Any CPU
		{D0720395-9892-4CE1-9F25-C6117085B6F8}.Release|iPhone.ActiveCfg = Release|Any CPU
		{D0720395-9892-4CE1-9F25-C6117085B6F8}.Release|iPhone.Build.0 = Release|Any CPU
		{D0720395-9892-4CE1-9F25-C6117085B6F8}.Release|iPhoneSimulator.ActiveCfg = Release|Any CPU
		{D0720395-9892-4CE1-9F25-C6117085B6F8}.Release|iPhoneSimulator.Build.0 = Release|Any CPU
		{D0720395-9892-4CE1-9F25-C6117085B6F8}.Release|x64.ActiveCfg = Release|Any CPU
		{D0720395-9892-4CE1-9F25-C6117085B6F8}.Release|x64.Build.0 = Release|Any CPU
		{D0720395-9892-4CE1-9F25-C6117085B6F8}.Release|x86.ActiveCfg = Release|Any CPU
		{D0720395-9892-4CE1-9F25-C6117085B6F8}.Release|x86.Build.0 = Release|Any CPU
		{1BD5FA09-D543-4315-99A6-81E9DD8746EC}.Debug|Any CPU.ActiveCfg = Debug|Any CPU
		{1BD5FA09-D543-4315-99A6-81E9DD8746EC}.Debug|Any CPU.Build.0 = Debug|Any CPU
		{1BD5FA09-D543-4315-99A6-81E9DD8746EC}.Debug|ARM.ActiveCfg = Debug|Any CPU
		{1BD5FA09-D543-4315-99A6-81E9DD8746EC}.Debug|ARM.Build.0 = Debug|Any CPU
		{1BD5FA09-D543-4315-99A6-81E9DD8746EC}.Debug|iPhone.ActiveCfg = Debug|Any CPU
		{1BD5FA09-D543-4315-99A6-81E9DD8746EC}.Debug|iPhone.Build.0 = Debug|Any CPU
		{1BD5FA09-D543-4315-99A6-81E9DD8746EC}.Debug|iPhoneSimulator.ActiveCfg = Debug|Any CPU
		{1BD5FA09-D543-4315-99A6-81E9DD8746EC}.Debug|iPhoneSimulator.Build.0 = Debug|Any CPU
		{1BD5FA09-D543-4315-99A6-81E9DD8746EC}.Debug|x64.ActiveCfg = Debug|Any CPU
		{1BD5FA09-D543-4315-99A6-81E9DD8746EC}.Debug|x64.Build.0 = Debug|Any CPU
		{1BD5FA09-D543-4315-99A6-81E9DD8746EC}.Debug|x86.ActiveCfg = Debug|Any CPU
		{1BD5FA09-D543-4315-99A6-81E9DD8746EC}.Debug|x86.Build.0 = Debug|Any CPU
		{1BD5FA09-D543-4315-99A6-81E9DD8746EC}.Release|Any CPU.ActiveCfg = Release|Any CPU
		{1BD5FA09-D543-4315-99A6-81E9DD8746EC}.Release|Any CPU.Build.0 = Release|Any CPU
		{1BD5FA09-D543-4315-99A6-81E9DD8746EC}.Release|ARM.ActiveCfg = Release|Any CPU
		{1BD5FA09-D543-4315-99A6-81E9DD8746EC}.Release|ARM.Build.0 = Release|Any CPU
		{1BD5FA09-D543-4315-99A6-81E9DD8746EC}.Release|iPhone.ActiveCfg = Release|Any CPU
		{1BD5FA09-D543-4315-99A6-81E9DD8746EC}.Release|iPhone.Build.0 = Release|Any CPU
		{1BD5FA09-D543-4315-99A6-81E9DD8746EC}.Release|iPhoneSimulator.ActiveCfg = Release|Any CPU
		{1BD5FA09-D543-4315-99A6-81E9DD8746EC}.Release|iPhoneSimulator.Build.0 = Release|Any CPU
		{1BD5FA09-D543-4315-99A6-81E9DD8746EC}.Release|x64.ActiveCfg = Release|Any CPU
		{1BD5FA09-D543-4315-99A6-81E9DD8746EC}.Release|x64.Build.0 = Release|Any CPU
		{1BD5FA09-D543-4315-99A6-81E9DD8746EC}.Release|x86.ActiveCfg = Release|Any CPU
		{1BD5FA09-D543-4315-99A6-81E9DD8746EC}.Release|x86.Build.0 = Release|Any CPU
		{8BAAB509-6073-4D68-9F16-EA28986839B1}.Debug|Any CPU.ActiveCfg = Debug|Any CPU
		{8BAAB509-6073-4D68-9F16-EA28986839B1}.Debug|Any CPU.Build.0 = Debug|Any CPU
		{8BAAB509-6073-4D68-9F16-EA28986839B1}.Debug|ARM.ActiveCfg = Debug|Any CPU
		{8BAAB509-6073-4D68-9F16-EA28986839B1}.Debug|ARM.Build.0 = Debug|Any CPU
		{8BAAB509-6073-4D68-9F16-EA28986839B1}.Debug|iPhone.ActiveCfg = Debug|Any CPU
		{8BAAB509-6073-4D68-9F16-EA28986839B1}.Debug|iPhone.Build.0 = Debug|Any CPU
		{8BAAB509-6073-4D68-9F16-EA28986839B1}.Debug|iPhoneSimulator.ActiveCfg = Debug|Any CPU
		{8BAAB509-6073-4D68-9F16-EA28986839B1}.Debug|iPhoneSimulator.Build.0 = Debug|Any CPU
		{8BAAB509-6073-4D68-9F16-EA28986839B1}.Debug|x64.ActiveCfg = Debug|Any CPU
		{8BAAB509-6073-4D68-9F16-EA28986839B1}.Debug|x64.Build.0 = Debug|Any CPU
		{8BAAB509-6073-4D68-9F16-EA28986839B1}.Debug|x86.ActiveCfg = Debug|Any CPU
		{8BAAB509-6073-4D68-9F16-EA28986839B1}.Debug|x86.Build.0 = Debug|Any CPU
		{8BAAB509-6073-4D68-9F16-EA28986839B1}.Release|Any CPU.ActiveCfg = Release|Any CPU
		{8BAAB509-6073-4D68-9F16-EA28986839B1}.Release|Any CPU.Build.0 = Release|Any CPU
		{8BAAB509-6073-4D68-9F16-EA28986839B1}.Release|ARM.ActiveCfg = Release|Any CPU
		{8BAAB509-6073-4D68-9F16-EA28986839B1}.Release|ARM.Build.0 = Release|Any CPU
		{8BAAB509-6073-4D68-9F16-EA28986839B1}.Release|iPhone.ActiveCfg = Release|Any CPU
		{8BAAB509-6073-4D68-9F16-EA28986839B1}.Release|iPhone.Build.0 = Release|Any CPU
		{8BAAB509-6073-4D68-9F16-EA28986839B1}.Release|iPhoneSimulator.ActiveCfg = Release|Any CPU
		{8BAAB509-6073-4D68-9F16-EA28986839B1}.Release|iPhoneSimulator.Build.0 = Release|Any CPU
		{8BAAB509-6073-4D68-9F16-EA28986839B1}.Release|x64.ActiveCfg = Release|Any CPU
		{8BAAB509-6073-4D68-9F16-EA28986839B1}.Release|x64.Build.0 = Release|Any CPU
		{8BAAB509-6073-4D68-9F16-EA28986839B1}.Release|x86.ActiveCfg = Release|Any CPU
		{8BAAB509-6073-4D68-9F16-EA28986839B1}.Release|x86.Build.0 = Release|Any CPU
		{81724F00-B7C3-4E25-B473-C7433BABDC81}.Debug|Any CPU.ActiveCfg = Debug|Any CPU
		{81724F00-B7C3-4E25-B473-C7433BABDC81}.Debug|Any CPU.Build.0 = Debug|Any CPU
		{81724F00-B7C3-4E25-B473-C7433BABDC81}.Debug|ARM.ActiveCfg = Debug|Any CPU
		{81724F00-B7C3-4E25-B473-C7433BABDC81}.Debug|ARM.Build.0 = Debug|Any CPU
		{81724F00-B7C3-4E25-B473-C7433BABDC81}.Debug|iPhone.ActiveCfg = Debug|Any CPU
		{81724F00-B7C3-4E25-B473-C7433BABDC81}.Debug|iPhone.Build.0 = Debug|Any CPU
		{81724F00-B7C3-4E25-B473-C7433BABDC81}.Debug|iPhoneSimulator.ActiveCfg = Debug|Any CPU
		{81724F00-B7C3-4E25-B473-C7433BABDC81}.Debug|iPhoneSimulator.Build.0 = Debug|Any CPU
		{81724F00-B7C3-4E25-B473-C7433BABDC81}.Debug|x64.ActiveCfg = Debug|Any CPU
		{81724F00-B7C3-4E25-B473-C7433BABDC81}.Debug|x64.Build.0 = Debug|Any CPU
		{81724F00-B7C3-4E25-B473-C7433BABDC81}.Debug|x86.ActiveCfg = Debug|Any CPU
		{81724F00-B7C3-4E25-B473-C7433BABDC81}.Debug|x86.Build.0 = Debug|Any CPU
		{81724F00-B7C3-4E25-B473-C7433BABDC81}.Release|Any CPU.ActiveCfg = Release|Any CPU
		{81724F00-B7C3-4E25-B473-C7433BABDC81}.Release|Any CPU.Build.0 = Release|Any CPU
		{81724F00-B7C3-4E25-B473-C7433BABDC81}.Release|ARM.ActiveCfg = Release|Any CPU
		{81724F00-B7C3-4E25-B473-C7433BABDC81}.Release|ARM.Build.0 = Release|Any CPU
		{81724F00-B7C3-4E25-B473-C7433BABDC81}.Release|iPhone.ActiveCfg = Release|Any CPU
		{81724F00-B7C3-4E25-B473-C7433BABDC81}.Release|iPhone.Build.0 = Release|Any CPU
		{81724F00-B7C3-4E25-B473-C7433BABDC81}.Release|iPhoneSimulator.ActiveCfg = Release|Any CPU
		{81724F00-B7C3-4E25-B473-C7433BABDC81}.Release|iPhoneSimulator.Build.0 = Release|Any CPU
		{81724F00-B7C3-4E25-B473-C7433BABDC81}.Release|x64.ActiveCfg = Release|Any CPU
		{81724F00-B7C3-4E25-B473-C7433BABDC81}.Release|x64.Build.0 = Release|Any CPU
		{81724F00-B7C3-4E25-B473-C7433BABDC81}.Release|x86.ActiveCfg = Release|Any CPU
		{81724F00-B7C3-4E25-B473-C7433BABDC81}.Release|x86.Build.0 = Release|Any CPU
		{CFA46E73-0050-4C57-85CE-6C5868A2483C}.Debug|Any CPU.ActiveCfg = Debug|Any CPU
		{CFA46E73-0050-4C57-85CE-6C5868A2483C}.Debug|Any CPU.Build.0 = Debug|Any CPU
		{CFA46E73-0050-4C57-85CE-6C5868A2483C}.Debug|ARM.ActiveCfg = Debug|Any CPU
		{CFA46E73-0050-4C57-85CE-6C5868A2483C}.Debug|ARM.Build.0 = Debug|Any CPU
		{CFA46E73-0050-4C57-85CE-6C5868A2483C}.Debug|iPhone.ActiveCfg = Debug|Any CPU
		{CFA46E73-0050-4C57-85CE-6C5868A2483C}.Debug|iPhone.Build.0 = Debug|Any CPU
		{CFA46E73-0050-4C57-85CE-6C5868A2483C}.Debug|iPhoneSimulator.ActiveCfg = Debug|Any CPU
		{CFA46E73-0050-4C57-85CE-6C5868A2483C}.Debug|iPhoneSimulator.Build.0 = Debug|Any CPU
		{CFA46E73-0050-4C57-85CE-6C5868A2483C}.Debug|x64.ActiveCfg = Debug|Any CPU
		{CFA46E73-0050-4C57-85CE-6C5868A2483C}.Debug|x64.Build.0 = Debug|Any CPU
		{CFA46E73-0050-4C57-85CE-6C5868A2483C}.Debug|x86.ActiveCfg = Debug|Any CPU
		{CFA46E73-0050-4C57-85CE-6C5868A2483C}.Debug|x86.Build.0 = Debug|Any CPU
		{CFA46E73-0050-4C57-85CE-6C5868A2483C}.Release|Any CPU.ActiveCfg = Release|Any CPU
		{CFA46E73-0050-4C57-85CE-6C5868A2483C}.Release|Any CPU.Build.0 = Release|Any CPU
		{CFA46E73-0050-4C57-85CE-6C5868A2483C}.Release|ARM.ActiveCfg = Release|Any CPU
		{CFA46E73-0050-4C57-85CE-6C5868A2483C}.Release|ARM.Build.0 = Release|Any CPU
		{CFA46E73-0050-4C57-85CE-6C5868A2483C}.Release|iPhone.ActiveCfg = Release|Any CPU
		{CFA46E73-0050-4C57-85CE-6C5868A2483C}.Release|iPhone.Build.0 = Release|Any CPU
		{CFA46E73-0050-4C57-85CE-6C5868A2483C}.Release|iPhoneSimulator.ActiveCfg = Release|Any CPU
		{CFA46E73-0050-4C57-85CE-6C5868A2483C}.Release|iPhoneSimulator.Build.0 = Release|Any CPU
		{CFA46E73-0050-4C57-85CE-6C5868A2483C}.Release|x64.ActiveCfg = Release|Any CPU
		{CFA46E73-0050-4C57-85CE-6C5868A2483C}.Release|x64.Build.0 = Release|Any CPU
		{CFA46E73-0050-4C57-85CE-6C5868A2483C}.Release|x86.ActiveCfg = Release|Any CPU
		{CFA46E73-0050-4C57-85CE-6C5868A2483C}.Release|x86.Build.0 = Release|Any CPU
		{D4467DCA-494D-4C32-9525-4A9713221A53}.Debug|Any CPU.ActiveCfg = Debug|Any CPU
		{D4467DCA-494D-4C32-9525-4A9713221A53}.Debug|Any CPU.Build.0 = Debug|Any CPU
		{D4467DCA-494D-4C32-9525-4A9713221A53}.Debug|ARM.ActiveCfg = Debug|Any CPU
		{D4467DCA-494D-4C32-9525-4A9713221A53}.Debug|ARM.Build.0 = Debug|Any CPU
		{D4467DCA-494D-4C32-9525-4A9713221A53}.Debug|iPhone.ActiveCfg = Debug|Any CPU
		{D4467DCA-494D-4C32-9525-4A9713221A53}.Debug|iPhone.Build.0 = Debug|Any CPU
		{D4467DCA-494D-4C32-9525-4A9713221A53}.Debug|iPhoneSimulator.ActiveCfg = Debug|Any CPU
		{D4467DCA-494D-4C32-9525-4A9713221A53}.Debug|iPhoneSimulator.Build.0 = Debug|Any CPU
		{D4467DCA-494D-4C32-9525-4A9713221A53}.Debug|x64.ActiveCfg = Debug|Any CPU
		{D4467DCA-494D-4C32-9525-4A9713221A53}.Debug|x64.Build.0 = Debug|Any CPU
		{D4467DCA-494D-4C32-9525-4A9713221A53}.Debug|x86.ActiveCfg = Debug|Any CPU
		{D4467DCA-494D-4C32-9525-4A9713221A53}.Debug|x86.Build.0 = Debug|Any CPU
		{D4467DCA-494D-4C32-9525-4A9713221A53}.Release|Any CPU.ActiveCfg = Release|Any CPU
		{D4467DCA-494D-4C32-9525-4A9713221A53}.Release|Any CPU.Build.0 = Release|Any CPU
		{D4467DCA-494D-4C32-9525-4A9713221A53}.Release|ARM.ActiveCfg = Release|Any CPU
		{D4467DCA-494D-4C32-9525-4A9713221A53}.Release|ARM.Build.0 = Release|Any CPU
		{D4467DCA-494D-4C32-9525-4A9713221A53}.Release|iPhone.ActiveCfg = Release|Any CPU
		{D4467DCA-494D-4C32-9525-4A9713221A53}.Release|iPhone.Build.0 = Release|Any CPU
		{D4467DCA-494D-4C32-9525-4A9713221A53}.Release|iPhoneSimulator.ActiveCfg = Release|Any CPU
		{D4467DCA-494D-4C32-9525-4A9713221A53}.Release|iPhoneSimulator.Build.0 = Release|Any CPU
		{D4467DCA-494D-4C32-9525-4A9713221A53}.Release|x64.ActiveCfg = Release|Any CPU
		{D4467DCA-494D-4C32-9525-4A9713221A53}.Release|x64.Build.0 = Release|Any CPU
		{D4467DCA-494D-4C32-9525-4A9713221A53}.Release|x86.ActiveCfg = Release|Any CPU
		{D4467DCA-494D-4C32-9525-4A9713221A53}.Release|x86.Build.0 = Release|Any CPU
		{522D1709-55DB-4930-8D49-8EDCE8994ECB}.Debug|Any CPU.ActiveCfg = Debug|Any CPU
		{522D1709-55DB-4930-8D49-8EDCE8994ECB}.Debug|ARM.ActiveCfg = Debug|Any CPU
		{522D1709-55DB-4930-8D49-8EDCE8994ECB}.Debug|ARM.Build.0 = Debug|Any CPU
		{522D1709-55DB-4930-8D49-8EDCE8994ECB}.Debug|iPhone.ActiveCfg = Debug|Any CPU
		{522D1709-55DB-4930-8D49-8EDCE8994ECB}.Debug|iPhone.Build.0 = Debug|Any CPU
		{522D1709-55DB-4930-8D49-8EDCE8994ECB}.Debug|iPhoneSimulator.ActiveCfg = Debug|Any CPU
		{522D1709-55DB-4930-8D49-8EDCE8994ECB}.Debug|iPhoneSimulator.Build.0 = Debug|Any CPU
		{522D1709-55DB-4930-8D49-8EDCE8994ECB}.Debug|x64.ActiveCfg = Debug|Any CPU
		{522D1709-55DB-4930-8D49-8EDCE8994ECB}.Debug|x64.Build.0 = Debug|Any CPU
		{522D1709-55DB-4930-8D49-8EDCE8994ECB}.Debug|x86.ActiveCfg = Debug|Any CPU
		{522D1709-55DB-4930-8D49-8EDCE8994ECB}.Debug|x86.Build.0 = Debug|Any CPU
		{522D1709-55DB-4930-8D49-8EDCE8994ECB}.Release|Any CPU.ActiveCfg = Release|Any CPU
		{522D1709-55DB-4930-8D49-8EDCE8994ECB}.Release|ARM.ActiveCfg = Release|Any CPU
		{522D1709-55DB-4930-8D49-8EDCE8994ECB}.Release|ARM.Build.0 = Release|Any CPU
		{522D1709-55DB-4930-8D49-8EDCE8994ECB}.Release|iPhone.ActiveCfg = Release|Any CPU
		{522D1709-55DB-4930-8D49-8EDCE8994ECB}.Release|iPhone.Build.0 = Release|Any CPU
		{522D1709-55DB-4930-8D49-8EDCE8994ECB}.Release|iPhoneSimulator.ActiveCfg = Release|Any CPU
		{522D1709-55DB-4930-8D49-8EDCE8994ECB}.Release|iPhoneSimulator.Build.0 = Release|Any CPU
		{522D1709-55DB-4930-8D49-8EDCE8994ECB}.Release|x64.ActiveCfg = Release|Any CPU
		{522D1709-55DB-4930-8D49-8EDCE8994ECB}.Release|x64.Build.0 = Release|Any CPU
		{522D1709-55DB-4930-8D49-8EDCE8994ECB}.Release|x86.ActiveCfg = Release|Any CPU
		{522D1709-55DB-4930-8D49-8EDCE8994ECB}.Release|x86.Build.0 = Release|Any CPU
		{CA040840-EB98-4A35-8B20-D85AD8381EBB}.Debug|Any CPU.ActiveCfg = Debug|Any CPU
		{CA040840-EB98-4A35-8B20-D85AD8381EBB}.Debug|Any CPU.Build.0 = Debug|Any CPU
		{CA040840-EB98-4A35-8B20-D85AD8381EBB}.Debug|ARM.ActiveCfg = Debug|Any CPU
		{CA040840-EB98-4A35-8B20-D85AD8381EBB}.Debug|ARM.Build.0 = Debug|Any CPU
		{CA040840-EB98-4A35-8B20-D85AD8381EBB}.Debug|iPhone.ActiveCfg = Debug|Any CPU
		{CA040840-EB98-4A35-8B20-D85AD8381EBB}.Debug|iPhone.Build.0 = Debug|Any CPU
		{CA040840-EB98-4A35-8B20-D85AD8381EBB}.Debug|iPhoneSimulator.ActiveCfg = Debug|Any CPU
		{CA040840-EB98-4A35-8B20-D85AD8381EBB}.Debug|iPhoneSimulator.Build.0 = Debug|Any CPU
		{CA040840-EB98-4A35-8B20-D85AD8381EBB}.Debug|x64.ActiveCfg = Debug|Any CPU
		{CA040840-EB98-4A35-8B20-D85AD8381EBB}.Debug|x64.Build.0 = Debug|Any CPU
		{CA040840-EB98-4A35-8B20-D85AD8381EBB}.Debug|x86.ActiveCfg = Debug|Any CPU
		{CA040840-EB98-4A35-8B20-D85AD8381EBB}.Debug|x86.Build.0 = Debug|Any CPU
		{CA040840-EB98-4A35-8B20-D85AD8381EBB}.Release|Any CPU.ActiveCfg = Release|Any CPU
		{CA040840-EB98-4A35-8B20-D85AD8381EBB}.Release|Any CPU.Build.0 = Release|Any CPU
		{CA040840-EB98-4A35-8B20-D85AD8381EBB}.Release|ARM.ActiveCfg = Release|Any CPU
		{CA040840-EB98-4A35-8B20-D85AD8381EBB}.Release|ARM.Build.0 = Release|Any CPU
		{CA040840-EB98-4A35-8B20-D85AD8381EBB}.Release|iPhone.ActiveCfg = Release|Any CPU
		{CA040840-EB98-4A35-8B20-D85AD8381EBB}.Release|iPhone.Build.0 = Release|Any CPU
		{CA040840-EB98-4A35-8B20-D85AD8381EBB}.Release|iPhoneSimulator.ActiveCfg = Release|Any CPU
		{CA040840-EB98-4A35-8B20-D85AD8381EBB}.Release|iPhoneSimulator.Build.0 = Release|Any CPU
		{CA040840-EB98-4A35-8B20-D85AD8381EBB}.Release|x64.ActiveCfg = Release|Any CPU
		{CA040840-EB98-4A35-8B20-D85AD8381EBB}.Release|x64.Build.0 = Release|Any CPU
		{CA040840-EB98-4A35-8B20-D85AD8381EBB}.Release|x86.ActiveCfg = Release|Any CPU
		{CA040840-EB98-4A35-8B20-D85AD8381EBB}.Release|x86.Build.0 = Release|Any CPU
		{4C970B2C-6C96-445B-B80B-4EFBF803FD5F}.Debug|Any CPU.ActiveCfg = Debug|Any CPU
		{4C970B2C-6C96-445B-B80B-4EFBF803FD5F}.Debug|Any CPU.Build.0 = Debug|Any CPU
		{4C970B2C-6C96-445B-B80B-4EFBF803FD5F}.Debug|ARM.ActiveCfg = Debug|Any CPU
		{4C970B2C-6C96-445B-B80B-4EFBF803FD5F}.Debug|ARM.Build.0 = Debug|Any CPU
		{4C970B2C-6C96-445B-B80B-4EFBF803FD5F}.Debug|iPhone.ActiveCfg = Debug|Any CPU
		{4C970B2C-6C96-445B-B80B-4EFBF803FD5F}.Debug|iPhone.Build.0 = Debug|Any CPU
		{4C970B2C-6C96-445B-B80B-4EFBF803FD5F}.Debug|iPhoneSimulator.ActiveCfg = Debug|Any CPU
		{4C970B2C-6C96-445B-B80B-4EFBF803FD5F}.Debug|iPhoneSimulator.Build.0 = Debug|Any CPU
		{4C970B2C-6C96-445B-B80B-4EFBF803FD5F}.Debug|x64.ActiveCfg = Debug|Any CPU
		{4C970B2C-6C96-445B-B80B-4EFBF803FD5F}.Debug|x64.Build.0 = Debug|Any CPU
		{4C970B2C-6C96-445B-B80B-4EFBF803FD5F}.Debug|x86.ActiveCfg = Debug|Any CPU
		{4C970B2C-6C96-445B-B80B-4EFBF803FD5F}.Debug|x86.Build.0 = Debug|Any CPU
		{4C970B2C-6C96-445B-B80B-4EFBF803FD5F}.Release|Any CPU.ActiveCfg = Release|Any CPU
		{4C970B2C-6C96-445B-B80B-4EFBF803FD5F}.Release|Any CPU.Build.0 = Release|Any CPU
		{4C970B2C-6C96-445B-B80B-4EFBF803FD5F}.Release|ARM.ActiveCfg = Release|Any CPU
		{4C970B2C-6C96-445B-B80B-4EFBF803FD5F}.Release|ARM.Build.0 = Release|Any CPU
		{4C970B2C-6C96-445B-B80B-4EFBF803FD5F}.Release|iPhone.ActiveCfg = Release|Any CPU
		{4C970B2C-6C96-445B-B80B-4EFBF803FD5F}.Release|iPhone.Build.0 = Release|Any CPU
		{4C970B2C-6C96-445B-B80B-4EFBF803FD5F}.Release|iPhoneSimulator.ActiveCfg = Release|Any CPU
		{4C970B2C-6C96-445B-B80B-4EFBF803FD5F}.Release|iPhoneSimulator.Build.0 = Release|Any CPU
		{4C970B2C-6C96-445B-B80B-4EFBF803FD5F}.Release|x64.ActiveCfg = Release|Any CPU
		{4C970B2C-6C96-445B-B80B-4EFBF803FD5F}.Release|x64.Build.0 = Release|Any CPU
		{4C970B2C-6C96-445B-B80B-4EFBF803FD5F}.Release|x86.ActiveCfg = Release|Any CPU
		{4C970B2C-6C96-445B-B80B-4EFBF803FD5F}.Release|x86.Build.0 = Release|Any CPU
		{29F59C87-EAE6-4DD3-8666-B79BFAF6B34D}.Debug|Any CPU.ActiveCfg = Debug|Any CPU
		{29F59C87-EAE6-4DD3-8666-B79BFAF6B34D}.Debug|Any CPU.Build.0 = Debug|Any CPU
		{29F59C87-EAE6-4DD3-8666-B79BFAF6B34D}.Debug|ARM.ActiveCfg = Debug|Any CPU
		{29F59C87-EAE6-4DD3-8666-B79BFAF6B34D}.Debug|ARM.Build.0 = Debug|Any CPU
		{29F59C87-EAE6-4DD3-8666-B79BFAF6B34D}.Debug|iPhone.ActiveCfg = Debug|Any CPU
		{29F59C87-EAE6-4DD3-8666-B79BFAF6B34D}.Debug|iPhone.Build.0 = Debug|Any CPU
		{29F59C87-EAE6-4DD3-8666-B79BFAF6B34D}.Debug|iPhoneSimulator.ActiveCfg = Debug|Any CPU
		{29F59C87-EAE6-4DD3-8666-B79BFAF6B34D}.Debug|iPhoneSimulator.Build.0 = Debug|Any CPU
		{29F59C87-EAE6-4DD3-8666-B79BFAF6B34D}.Debug|x64.ActiveCfg = Debug|Any CPU
		{29F59C87-EAE6-4DD3-8666-B79BFAF6B34D}.Debug|x64.Build.0 = Debug|Any CPU
		{29F59C87-EAE6-4DD3-8666-B79BFAF6B34D}.Debug|x86.ActiveCfg = Debug|Any CPU
		{29F59C87-EAE6-4DD3-8666-B79BFAF6B34D}.Debug|x86.Build.0 = Debug|Any CPU
		{29F59C87-EAE6-4DD3-8666-B79BFAF6B34D}.Release|Any CPU.ActiveCfg = Release|Any CPU
		{29F59C87-EAE6-4DD3-8666-B79BFAF6B34D}.Release|Any CPU.Build.0 = Release|Any CPU
		{29F59C87-EAE6-4DD3-8666-B79BFAF6B34D}.Release|ARM.ActiveCfg = Release|Any CPU
		{29F59C87-EAE6-4DD3-8666-B79BFAF6B34D}.Release|ARM.Build.0 = Release|Any CPU
		{29F59C87-EAE6-4DD3-8666-B79BFAF6B34D}.Release|iPhone.ActiveCfg = Release|Any CPU
		{29F59C87-EAE6-4DD3-8666-B79BFAF6B34D}.Release|iPhone.Build.0 = Release|Any CPU
		{29F59C87-EAE6-4DD3-8666-B79BFAF6B34D}.Release|iPhoneSimulator.ActiveCfg = Release|Any CPU
		{29F59C87-EAE6-4DD3-8666-B79BFAF6B34D}.Release|iPhoneSimulator.Build.0 = Release|Any CPU
		{29F59C87-EAE6-4DD3-8666-B79BFAF6B34D}.Release|x64.ActiveCfg = Release|Any CPU
		{29F59C87-EAE6-4DD3-8666-B79BFAF6B34D}.Release|x64.Build.0 = Release|Any CPU
		{29F59C87-EAE6-4DD3-8666-B79BFAF6B34D}.Release|x86.ActiveCfg = Release|Any CPU
		{29F59C87-EAE6-4DD3-8666-B79BFAF6B34D}.Release|x86.Build.0 = Release|Any CPU
		{4E666156-B741-49BF-8ADB-4A3ED7B014A5}.Debug|Any CPU.ActiveCfg = Debug|Any CPU
		{4E666156-B741-49BF-8ADB-4A3ED7B014A5}.Debug|Any CPU.Build.0 = Debug|Any CPU
		{4E666156-B741-49BF-8ADB-4A3ED7B014A5}.Debug|ARM.ActiveCfg = Debug|Any CPU
		{4E666156-B741-49BF-8ADB-4A3ED7B014A5}.Debug|ARM.Build.0 = Debug|Any CPU
		{4E666156-B741-49BF-8ADB-4A3ED7B014A5}.Debug|iPhone.ActiveCfg = Debug|Any CPU
		{4E666156-B741-49BF-8ADB-4A3ED7B014A5}.Debug|iPhone.Build.0 = Debug|Any CPU
		{4E666156-B741-49BF-8ADB-4A3ED7B014A5}.Debug|iPhoneSimulator.ActiveCfg = Debug|Any CPU
		{4E666156-B741-49BF-8ADB-4A3ED7B014A5}.Debug|iPhoneSimulator.Build.0 = Debug|Any CPU
		{4E666156-B741-49BF-8ADB-4A3ED7B014A5}.Debug|x64.ActiveCfg = Debug|Any CPU
		{4E666156-B741-49BF-8ADB-4A3ED7B014A5}.Debug|x64.Build.0 = Debug|Any CPU
		{4E666156-B741-49BF-8ADB-4A3ED7B014A5}.Debug|x86.ActiveCfg = Debug|Any CPU
		{4E666156-B741-49BF-8ADB-4A3ED7B014A5}.Debug|x86.Build.0 = Debug|Any CPU
		{4E666156-B741-49BF-8ADB-4A3ED7B014A5}.Release|Any CPU.ActiveCfg = Release|Any CPU
		{4E666156-B741-49BF-8ADB-4A3ED7B014A5}.Release|Any CPU.Build.0 = Release|Any CPU
		{4E666156-B741-49BF-8ADB-4A3ED7B014A5}.Release|ARM.ActiveCfg = Release|Any CPU
		{4E666156-B741-49BF-8ADB-4A3ED7B014A5}.Release|ARM.Build.0 = Release|Any CPU
		{4E666156-B741-49BF-8ADB-4A3ED7B014A5}.Release|iPhone.ActiveCfg = Release|Any CPU
		{4E666156-B741-49BF-8ADB-4A3ED7B014A5}.Release|iPhone.Build.0 = Release|Any CPU
		{4E666156-B741-49BF-8ADB-4A3ED7B014A5}.Release|iPhoneSimulator.ActiveCfg = Release|Any CPU
		{4E666156-B741-49BF-8ADB-4A3ED7B014A5}.Release|iPhoneSimulator.Build.0 = Release|Any CPU
		{4E666156-B741-49BF-8ADB-4A3ED7B014A5}.Release|x64.ActiveCfg = Release|Any CPU
		{4E666156-B741-49BF-8ADB-4A3ED7B014A5}.Release|x64.Build.0 = Release|Any CPU
		{4E666156-B741-49BF-8ADB-4A3ED7B014A5}.Release|x86.ActiveCfg = Release|Any CPU
		{4E666156-B741-49BF-8ADB-4A3ED7B014A5}.Release|x86.Build.0 = Release|Any CPU
		{11CDD679-A078-4F05-B72D-15A5A79206EB}.Debug|Any CPU.ActiveCfg = Debug|Any CPU
		{11CDD679-A078-4F05-B72D-15A5A79206EB}.Debug|Any CPU.Build.0 = Debug|Any CPU
		{11CDD679-A078-4F05-B72D-15A5A79206EB}.Debug|ARM.ActiveCfg = Debug|Any CPU
		{11CDD679-A078-4F05-B72D-15A5A79206EB}.Debug|ARM.Build.0 = Debug|Any CPU
		{11CDD679-A078-4F05-B72D-15A5A79206EB}.Debug|iPhone.ActiveCfg = Debug|Any CPU
		{11CDD679-A078-4F05-B72D-15A5A79206EB}.Debug|iPhone.Build.0 = Debug|Any CPU
		{11CDD679-A078-4F05-B72D-15A5A79206EB}.Debug|iPhoneSimulator.ActiveCfg = Debug|Any CPU
		{11CDD679-A078-4F05-B72D-15A5A79206EB}.Debug|iPhoneSimulator.Build.0 = Debug|Any CPU
		{11CDD679-A078-4F05-B72D-15A5A79206EB}.Debug|x64.ActiveCfg = Debug|Any CPU
		{11CDD679-A078-4F05-B72D-15A5A79206EB}.Debug|x64.Build.0 = Debug|Any CPU
		{11CDD679-A078-4F05-B72D-15A5A79206EB}.Debug|x86.ActiveCfg = Debug|Any CPU
		{11CDD679-A078-4F05-B72D-15A5A79206EB}.Debug|x86.Build.0 = Debug|Any CPU
		{11CDD679-A078-4F05-B72D-15A5A79206EB}.Release|Any CPU.ActiveCfg = Release|Any CPU
		{11CDD679-A078-4F05-B72D-15A5A79206EB}.Release|Any CPU.Build.0 = Release|Any CPU
		{11CDD679-A078-4F05-B72D-15A5A79206EB}.Release|ARM.ActiveCfg = Release|Any CPU
		{11CDD679-A078-4F05-B72D-15A5A79206EB}.Release|ARM.Build.0 = Release|Any CPU
		{11CDD679-A078-4F05-B72D-15A5A79206EB}.Release|iPhone.ActiveCfg = Release|Any CPU
		{11CDD679-A078-4F05-B72D-15A5A79206EB}.Release|iPhone.Build.0 = Release|Any CPU
		{11CDD679-A078-4F05-B72D-15A5A79206EB}.Release|iPhoneSimulator.ActiveCfg = Release|Any CPU
		{11CDD679-A078-4F05-B72D-15A5A79206EB}.Release|iPhoneSimulator.Build.0 = Release|Any CPU
		{11CDD679-A078-4F05-B72D-15A5A79206EB}.Release|x64.ActiveCfg = Release|Any CPU
		{11CDD679-A078-4F05-B72D-15A5A79206EB}.Release|x64.Build.0 = Release|Any CPU
		{11CDD679-A078-4F05-B72D-15A5A79206EB}.Release|x86.ActiveCfg = Release|Any CPU
		{11CDD679-A078-4F05-B72D-15A5A79206EB}.Release|x86.Build.0 = Release|Any CPU
		{6CF9532C-72AF-4509-BE5A-D6B4821BC6DC}.Debug|Any CPU.ActiveCfg = Debug|Any CPU
		{6CF9532C-72AF-4509-BE5A-D6B4821BC6DC}.Debug|Any CPU.Build.0 = Debug|Any CPU
		{6CF9532C-72AF-4509-BE5A-D6B4821BC6DC}.Debug|ARM.ActiveCfg = Debug|Any CPU
		{6CF9532C-72AF-4509-BE5A-D6B4821BC6DC}.Debug|ARM.Build.0 = Debug|Any CPU
		{6CF9532C-72AF-4509-BE5A-D6B4821BC6DC}.Debug|iPhone.ActiveCfg = Debug|Any CPU
		{6CF9532C-72AF-4509-BE5A-D6B4821BC6DC}.Debug|iPhone.Build.0 = Debug|Any CPU
		{6CF9532C-72AF-4509-BE5A-D6B4821BC6DC}.Debug|iPhoneSimulator.ActiveCfg = Debug|Any CPU
		{6CF9532C-72AF-4509-BE5A-D6B4821BC6DC}.Debug|iPhoneSimulator.Build.0 = Debug|Any CPU
		{6CF9532C-72AF-4509-BE5A-D6B4821BC6DC}.Debug|x64.ActiveCfg = Debug|Any CPU
		{6CF9532C-72AF-4509-BE5A-D6B4821BC6DC}.Debug|x64.Build.0 = Debug|Any CPU
		{6CF9532C-72AF-4509-BE5A-D6B4821BC6DC}.Debug|x86.ActiveCfg = Debug|Any CPU
		{6CF9532C-72AF-4509-BE5A-D6B4821BC6DC}.Debug|x86.Build.0 = Debug|Any CPU
		{6CF9532C-72AF-4509-BE5A-D6B4821BC6DC}.Release|Any CPU.ActiveCfg = Release|Any CPU
		{6CF9532C-72AF-4509-BE5A-D6B4821BC6DC}.Release|Any CPU.Build.0 = Release|Any CPU
		{6CF9532C-72AF-4509-BE5A-D6B4821BC6DC}.Release|ARM.ActiveCfg = Release|Any CPU
		{6CF9532C-72AF-4509-BE5A-D6B4821BC6DC}.Release|ARM.Build.0 = Release|Any CPU
		{6CF9532C-72AF-4509-BE5A-D6B4821BC6DC}.Release|iPhone.ActiveCfg = Release|Any CPU
		{6CF9532C-72AF-4509-BE5A-D6B4821BC6DC}.Release|iPhone.Build.0 = Release|Any CPU
		{6CF9532C-72AF-4509-BE5A-D6B4821BC6DC}.Release|iPhoneSimulator.ActiveCfg = Release|Any CPU
		{6CF9532C-72AF-4509-BE5A-D6B4821BC6DC}.Release|iPhoneSimulator.Build.0 = Release|Any CPU
		{6CF9532C-72AF-4509-BE5A-D6B4821BC6DC}.Release|x64.ActiveCfg = Release|Any CPU
		{6CF9532C-72AF-4509-BE5A-D6B4821BC6DC}.Release|x64.Build.0 = Release|Any CPU
		{6CF9532C-72AF-4509-BE5A-D6B4821BC6DC}.Release|x86.ActiveCfg = Release|Any CPU
		{6CF9532C-72AF-4509-BE5A-D6B4821BC6DC}.Release|x86.Build.0 = Release|Any CPU
		{DE4FB2BF-C204-4964-930E-BD22E1168040}.Debug|Any CPU.ActiveCfg = Debug|Any CPU
		{DE4FB2BF-C204-4964-930E-BD22E1168040}.Debug|Any CPU.Build.0 = Debug|Any CPU
		{DE4FB2BF-C204-4964-930E-BD22E1168040}.Debug|ARM.ActiveCfg = Debug|Any CPU
		{DE4FB2BF-C204-4964-930E-BD22E1168040}.Debug|ARM.Build.0 = Debug|Any CPU
		{DE4FB2BF-C204-4964-930E-BD22E1168040}.Debug|iPhone.ActiveCfg = Debug|Any CPU
		{DE4FB2BF-C204-4964-930E-BD22E1168040}.Debug|iPhone.Build.0 = Debug|Any CPU
		{DE4FB2BF-C204-4964-930E-BD22E1168040}.Debug|iPhoneSimulator.ActiveCfg = Debug|Any CPU
		{DE4FB2BF-C204-4964-930E-BD22E1168040}.Debug|iPhoneSimulator.Build.0 = Debug|Any CPU
		{DE4FB2BF-C204-4964-930E-BD22E1168040}.Debug|x64.ActiveCfg = Debug|Any CPU
		{DE4FB2BF-C204-4964-930E-BD22E1168040}.Debug|x64.Build.0 = Debug|Any CPU
		{DE4FB2BF-C204-4964-930E-BD22E1168040}.Debug|x86.ActiveCfg = Debug|Any CPU
		{DE4FB2BF-C204-4964-930E-BD22E1168040}.Debug|x86.Build.0 = Debug|Any CPU
		{DE4FB2BF-C204-4964-930E-BD22E1168040}.Release|Any CPU.ActiveCfg = Release|Any CPU
		{DE4FB2BF-C204-4964-930E-BD22E1168040}.Release|Any CPU.Build.0 = Release|Any CPU
		{DE4FB2BF-C204-4964-930E-BD22E1168040}.Release|ARM.ActiveCfg = Release|Any CPU
		{DE4FB2BF-C204-4964-930E-BD22E1168040}.Release|ARM.Build.0 = Release|Any CPU
		{DE4FB2BF-C204-4964-930E-BD22E1168040}.Release|iPhone.ActiveCfg = Release|Any CPU
		{DE4FB2BF-C204-4964-930E-BD22E1168040}.Release|iPhone.Build.0 = Release|Any CPU
		{DE4FB2BF-C204-4964-930E-BD22E1168040}.Release|iPhoneSimulator.ActiveCfg = Release|Any CPU
		{DE4FB2BF-C204-4964-930E-BD22E1168040}.Release|iPhoneSimulator.Build.0 = Release|Any CPU
		{DE4FB2BF-C204-4964-930E-BD22E1168040}.Release|x64.ActiveCfg = Release|Any CPU
		{DE4FB2BF-C204-4964-930E-BD22E1168040}.Release|x64.Build.0 = Release|Any CPU
		{DE4FB2BF-C204-4964-930E-BD22E1168040}.Release|x86.ActiveCfg = Release|Any CPU
		{DE4FB2BF-C204-4964-930E-BD22E1168040}.Release|x86.Build.0 = Release|Any CPU
		{8B0407E4-0A8A-4F46-A218-B9FE500091A4}.Debug|Any CPU.ActiveCfg = Debug|Any CPU
		{8B0407E4-0A8A-4F46-A218-B9FE500091A4}.Debug|Any CPU.Build.0 = Debug|Any CPU
		{8B0407E4-0A8A-4F46-A218-B9FE500091A4}.Debug|ARM.ActiveCfg = Debug|Any CPU
		{8B0407E4-0A8A-4F46-A218-B9FE500091A4}.Debug|ARM.Build.0 = Debug|Any CPU
		{8B0407E4-0A8A-4F46-A218-B9FE500091A4}.Debug|iPhone.ActiveCfg = Debug|Any CPU
		{8B0407E4-0A8A-4F46-A218-B9FE500091A4}.Debug|iPhone.Build.0 = Debug|Any CPU
		{8B0407E4-0A8A-4F46-A218-B9FE500091A4}.Debug|iPhoneSimulator.ActiveCfg = Debug|Any CPU
		{8B0407E4-0A8A-4F46-A218-B9FE500091A4}.Debug|iPhoneSimulator.Build.0 = Debug|Any CPU
		{8B0407E4-0A8A-4F46-A218-B9FE500091A4}.Debug|x64.ActiveCfg = Debug|Any CPU
		{8B0407E4-0A8A-4F46-A218-B9FE500091A4}.Debug|x64.Build.0 = Debug|Any CPU
		{8B0407E4-0A8A-4F46-A218-B9FE500091A4}.Debug|x86.ActiveCfg = Debug|Any CPU
		{8B0407E4-0A8A-4F46-A218-B9FE500091A4}.Debug|x86.Build.0 = Debug|Any CPU
		{8B0407E4-0A8A-4F46-A218-B9FE500091A4}.Release|Any CPU.ActiveCfg = Release|Any CPU
		{8B0407E4-0A8A-4F46-A218-B9FE500091A4}.Release|Any CPU.Build.0 = Release|Any CPU
		{8B0407E4-0A8A-4F46-A218-B9FE500091A4}.Release|ARM.ActiveCfg = Release|Any CPU
		{8B0407E4-0A8A-4F46-A218-B9FE500091A4}.Release|ARM.Build.0 = Release|Any CPU
		{8B0407E4-0A8A-4F46-A218-B9FE500091A4}.Release|iPhone.ActiveCfg = Release|Any CPU
		{8B0407E4-0A8A-4F46-A218-B9FE500091A4}.Release|iPhone.Build.0 = Release|Any CPU
		{8B0407E4-0A8A-4F46-A218-B9FE500091A4}.Release|iPhoneSimulator.ActiveCfg = Release|Any CPU
		{8B0407E4-0A8A-4F46-A218-B9FE500091A4}.Release|iPhoneSimulator.Build.0 = Release|Any CPU
		{8B0407E4-0A8A-4F46-A218-B9FE500091A4}.Release|x64.ActiveCfg = Release|Any CPU
		{8B0407E4-0A8A-4F46-A218-B9FE500091A4}.Release|x64.Build.0 = Release|Any CPU
		{8B0407E4-0A8A-4F46-A218-B9FE500091A4}.Release|x86.ActiveCfg = Release|Any CPU
		{8B0407E4-0A8A-4F46-A218-B9FE500091A4}.Release|x86.Build.0 = Release|Any CPU
		{223B7A5A-E263-4D40-9A6E-FE31EAE92F45}.Debug|Any CPU.ActiveCfg = Debug|Any CPU
		{223B7A5A-E263-4D40-9A6E-FE31EAE92F45}.Debug|Any CPU.Build.0 = Debug|Any CPU
		{223B7A5A-E263-4D40-9A6E-FE31EAE92F45}.Debug|ARM.ActiveCfg = Debug|Any CPU
		{223B7A5A-E263-4D40-9A6E-FE31EAE92F45}.Debug|ARM.Build.0 = Debug|Any CPU
		{223B7A5A-E263-4D40-9A6E-FE31EAE92F45}.Debug|iPhone.ActiveCfg = Debug|Any CPU
		{223B7A5A-E263-4D40-9A6E-FE31EAE92F45}.Debug|iPhone.Build.0 = Debug|Any CPU
		{223B7A5A-E263-4D40-9A6E-FE31EAE92F45}.Debug|iPhoneSimulator.ActiveCfg = Debug|Any CPU
		{223B7A5A-E263-4D40-9A6E-FE31EAE92F45}.Debug|iPhoneSimulator.Build.0 = Debug|Any CPU
		{223B7A5A-E263-4D40-9A6E-FE31EAE92F45}.Debug|x64.ActiveCfg = Debug|Any CPU
		{223B7A5A-E263-4D40-9A6E-FE31EAE92F45}.Debug|x64.Build.0 = Debug|Any CPU
		{223B7A5A-E263-4D40-9A6E-FE31EAE92F45}.Debug|x86.ActiveCfg = Debug|Any CPU
		{223B7A5A-E263-4D40-9A6E-FE31EAE92F45}.Debug|x86.Build.0 = Debug|Any CPU
		{223B7A5A-E263-4D40-9A6E-FE31EAE92F45}.Release|Any CPU.ActiveCfg = Release|Any CPU
		{223B7A5A-E263-4D40-9A6E-FE31EAE92F45}.Release|Any CPU.Build.0 = Release|Any CPU
		{223B7A5A-E263-4D40-9A6E-FE31EAE92F45}.Release|ARM.ActiveCfg = Release|Any CPU
		{223B7A5A-E263-4D40-9A6E-FE31EAE92F45}.Release|ARM.Build.0 = Release|Any CPU
		{223B7A5A-E263-4D40-9A6E-FE31EAE92F45}.Release|iPhone.ActiveCfg = Release|Any CPU
		{223B7A5A-E263-4D40-9A6E-FE31EAE92F45}.Release|iPhone.Build.0 = Release|Any CPU
		{223B7A5A-E263-4D40-9A6E-FE31EAE92F45}.Release|iPhoneSimulator.ActiveCfg = Release|Any CPU
		{223B7A5A-E263-4D40-9A6E-FE31EAE92F45}.Release|iPhoneSimulator.Build.0 = Release|Any CPU
		{223B7A5A-E263-4D40-9A6E-FE31EAE92F45}.Release|x64.ActiveCfg = Release|Any CPU
		{223B7A5A-E263-4D40-9A6E-FE31EAE92F45}.Release|x64.Build.0 = Release|Any CPU
		{223B7A5A-E263-4D40-9A6E-FE31EAE92F45}.Release|x86.ActiveCfg = Release|Any CPU
		{223B7A5A-E263-4D40-9A6E-FE31EAE92F45}.Release|x86.Build.0 = Release|Any CPU
		{AB62FFBA-04D0-4240-86AA-4D435C62856A}.Debug|Any CPU.ActiveCfg = Debug|Any CPU
		{AB62FFBA-04D0-4240-86AA-4D435C62856A}.Debug|Any CPU.Build.0 = Debug|Any CPU
		{AB62FFBA-04D0-4240-86AA-4D435C62856A}.Debug|ARM.ActiveCfg = Debug|Any CPU
		{AB62FFBA-04D0-4240-86AA-4D435C62856A}.Debug|ARM.Build.0 = Debug|Any CPU
		{AB62FFBA-04D0-4240-86AA-4D435C62856A}.Debug|iPhone.ActiveCfg = Debug|Any CPU
		{AB62FFBA-04D0-4240-86AA-4D435C62856A}.Debug|iPhone.Build.0 = Debug|Any CPU
		{AB62FFBA-04D0-4240-86AA-4D435C62856A}.Debug|iPhoneSimulator.ActiveCfg = Debug|Any CPU
		{AB62FFBA-04D0-4240-86AA-4D435C62856A}.Debug|iPhoneSimulator.Build.0 = Debug|Any CPU
		{AB62FFBA-04D0-4240-86AA-4D435C62856A}.Debug|x64.ActiveCfg = Debug|Any CPU
		{AB62FFBA-04D0-4240-86AA-4D435C62856A}.Debug|x64.Build.0 = Debug|Any CPU
		{AB62FFBA-04D0-4240-86AA-4D435C62856A}.Debug|x86.ActiveCfg = Debug|Any CPU
		{AB62FFBA-04D0-4240-86AA-4D435C62856A}.Debug|x86.Build.0 = Debug|Any CPU
		{AB62FFBA-04D0-4240-86AA-4D435C62856A}.Release|Any CPU.ActiveCfg = Release|Any CPU
		{AB62FFBA-04D0-4240-86AA-4D435C62856A}.Release|Any CPU.Build.0 = Release|Any CPU
		{AB62FFBA-04D0-4240-86AA-4D435C62856A}.Release|ARM.ActiveCfg = Release|Any CPU
		{AB62FFBA-04D0-4240-86AA-4D435C62856A}.Release|ARM.Build.0 = Release|Any CPU
		{AB62FFBA-04D0-4240-86AA-4D435C62856A}.Release|iPhone.ActiveCfg = Release|Any CPU
		{AB62FFBA-04D0-4240-86AA-4D435C62856A}.Release|iPhone.Build.0 = Release|Any CPU
		{AB62FFBA-04D0-4240-86AA-4D435C62856A}.Release|iPhoneSimulator.ActiveCfg = Release|Any CPU
		{AB62FFBA-04D0-4240-86AA-4D435C62856A}.Release|iPhoneSimulator.Build.0 = Release|Any CPU
		{AB62FFBA-04D0-4240-86AA-4D435C62856A}.Release|x64.ActiveCfg = Release|Any CPU
		{AB62FFBA-04D0-4240-86AA-4D435C62856A}.Release|x64.Build.0 = Release|Any CPU
		{AB62FFBA-04D0-4240-86AA-4D435C62856A}.Release|x86.ActiveCfg = Release|Any CPU
		{AB62FFBA-04D0-4240-86AA-4D435C62856A}.Release|x86.Build.0 = Release|Any CPU
		{CE71F08D-3803-4166-B679-EEB36A79F629}.Debug|Any CPU.ActiveCfg = Debug|Any CPU
		{CE71F08D-3803-4166-B679-EEB36A79F629}.Debug|Any CPU.Build.0 = Debug|Any CPU
		{CE71F08D-3803-4166-B679-EEB36A79F629}.Debug|ARM.ActiveCfg = Debug|Any CPU
		{CE71F08D-3803-4166-B679-EEB36A79F629}.Debug|ARM.Build.0 = Debug|Any CPU
		{CE71F08D-3803-4166-B679-EEB36A79F629}.Debug|iPhone.ActiveCfg = Debug|Any CPU
		{CE71F08D-3803-4166-B679-EEB36A79F629}.Debug|iPhone.Build.0 = Debug|Any CPU
		{CE71F08D-3803-4166-B679-EEB36A79F629}.Debug|iPhoneSimulator.ActiveCfg = Debug|Any CPU
		{CE71F08D-3803-4166-B679-EEB36A79F629}.Debug|iPhoneSimulator.Build.0 = Debug|Any CPU
		{CE71F08D-3803-4166-B679-EEB36A79F629}.Debug|x64.ActiveCfg = Debug|Any CPU
		{CE71F08D-3803-4166-B679-EEB36A79F629}.Debug|x64.Build.0 = Debug|Any CPU
		{CE71F08D-3803-4166-B679-EEB36A79F629}.Debug|x86.ActiveCfg = Debug|Any CPU
		{CE71F08D-3803-4166-B679-EEB36A79F629}.Debug|x86.Build.0 = Debug|Any CPU
		{CE71F08D-3803-4166-B679-EEB36A79F629}.Release|Any CPU.ActiveCfg = Release|Any CPU
		{CE71F08D-3803-4166-B679-EEB36A79F629}.Release|Any CPU.Build.0 = Release|Any CPU
		{CE71F08D-3803-4166-B679-EEB36A79F629}.Release|ARM.ActiveCfg = Release|Any CPU
		{CE71F08D-3803-4166-B679-EEB36A79F629}.Release|ARM.Build.0 = Release|Any CPU
		{CE71F08D-3803-4166-B679-EEB36A79F629}.Release|iPhone.ActiveCfg = Release|Any CPU
		{CE71F08D-3803-4166-B679-EEB36A79F629}.Release|iPhone.Build.0 = Release|Any CPU
		{CE71F08D-3803-4166-B679-EEB36A79F629}.Release|iPhoneSimulator.ActiveCfg = Release|Any CPU
		{CE71F08D-3803-4166-B679-EEB36A79F629}.Release|iPhoneSimulator.Build.0 = Release|Any CPU
		{CE71F08D-3803-4166-B679-EEB36A79F629}.Release|x64.ActiveCfg = Release|Any CPU
		{CE71F08D-3803-4166-B679-EEB36A79F629}.Release|x64.Build.0 = Release|Any CPU
		{CE71F08D-3803-4166-B679-EEB36A79F629}.Release|x86.ActiveCfg = Release|Any CPU
		{CE71F08D-3803-4166-B679-EEB36A79F629}.Release|x86.Build.0 = Release|Any CPU
		{E301F89A-1A6F-4A97-9E84-81D9329637E5}.Debug|Any CPU.ActiveCfg = Debug|Any CPU
		{E301F89A-1A6F-4A97-9E84-81D9329637E5}.Debug|Any CPU.Build.0 = Debug|Any CPU
		{E301F89A-1A6F-4A97-9E84-81D9329637E5}.Debug|ARM.ActiveCfg = Debug|Any CPU
		{E301F89A-1A6F-4A97-9E84-81D9329637E5}.Debug|ARM.Build.0 = Debug|Any CPU
		{E301F89A-1A6F-4A97-9E84-81D9329637E5}.Debug|iPhone.ActiveCfg = Debug|Any CPU
		{E301F89A-1A6F-4A97-9E84-81D9329637E5}.Debug|iPhone.Build.0 = Debug|Any CPU
		{E301F89A-1A6F-4A97-9E84-81D9329637E5}.Debug|iPhoneSimulator.ActiveCfg = Debug|Any CPU
		{E301F89A-1A6F-4A97-9E84-81D9329637E5}.Debug|iPhoneSimulator.Build.0 = Debug|Any CPU
		{E301F89A-1A6F-4A97-9E84-81D9329637E5}.Debug|x64.ActiveCfg = Debug|Any CPU
		{E301F89A-1A6F-4A97-9E84-81D9329637E5}.Debug|x64.Build.0 = Debug|Any CPU
		{E301F89A-1A6F-4A97-9E84-81D9329637E5}.Debug|x86.ActiveCfg = Debug|Any CPU
		{E301F89A-1A6F-4A97-9E84-81D9329637E5}.Debug|x86.Build.0 = Debug|Any CPU
		{E301F89A-1A6F-4A97-9E84-81D9329637E5}.Release|Any CPU.ActiveCfg = Release|Any CPU
		{E301F89A-1A6F-4A97-9E84-81D9329637E5}.Release|Any CPU.Build.0 = Release|Any CPU
		{E301F89A-1A6F-4A97-9E84-81D9329637E5}.Release|ARM.ActiveCfg = Release|Any CPU
		{E301F89A-1A6F-4A97-9E84-81D9329637E5}.Release|ARM.Build.0 = Release|Any CPU
		{E301F89A-1A6F-4A97-9E84-81D9329637E5}.Release|iPhone.ActiveCfg = Release|Any CPU
		{E301F89A-1A6F-4A97-9E84-81D9329637E5}.Release|iPhone.Build.0 = Release|Any CPU
		{E301F89A-1A6F-4A97-9E84-81D9329637E5}.Release|iPhoneSimulator.ActiveCfg = Release|Any CPU
		{E301F89A-1A6F-4A97-9E84-81D9329637E5}.Release|iPhoneSimulator.Build.0 = Release|Any CPU
		{E301F89A-1A6F-4A97-9E84-81D9329637E5}.Release|x64.ActiveCfg = Release|Any CPU
		{E301F89A-1A6F-4A97-9E84-81D9329637E5}.Release|x64.Build.0 = Release|Any CPU
		{E301F89A-1A6F-4A97-9E84-81D9329637E5}.Release|x86.ActiveCfg = Release|Any CPU
		{E301F89A-1A6F-4A97-9E84-81D9329637E5}.Release|x86.Build.0 = Release|Any CPU
		{12D79EDB-5B5A-4A87-904E-E50DFF3C874D}.Debug|Any CPU.ActiveCfg = Debug|Any CPU
		{12D79EDB-5B5A-4A87-904E-E50DFF3C874D}.Debug|Any CPU.Build.0 = Debug|Any CPU
		{12D79EDB-5B5A-4A87-904E-E50DFF3C874D}.Debug|ARM.ActiveCfg = Debug|Any CPU
		{12D79EDB-5B5A-4A87-904E-E50DFF3C874D}.Debug|ARM.Build.0 = Debug|Any CPU
		{12D79EDB-5B5A-4A87-904E-E50DFF3C874D}.Debug|iPhone.ActiveCfg = Debug|Any CPU
		{12D79EDB-5B5A-4A87-904E-E50DFF3C874D}.Debug|iPhone.Build.0 = Debug|Any CPU
		{12D79EDB-5B5A-4A87-904E-E50DFF3C874D}.Debug|iPhoneSimulator.ActiveCfg = Debug|Any CPU
		{12D79EDB-5B5A-4A87-904E-E50DFF3C874D}.Debug|iPhoneSimulator.Build.0 = Debug|Any CPU
		{12D79EDB-5B5A-4A87-904E-E50DFF3C874D}.Debug|x64.ActiveCfg = Debug|Any CPU
		{12D79EDB-5B5A-4A87-904E-E50DFF3C874D}.Debug|x64.Build.0 = Debug|Any CPU
		{12D79EDB-5B5A-4A87-904E-E50DFF3C874D}.Debug|x86.ActiveCfg = Debug|Any CPU
		{12D79EDB-5B5A-4A87-904E-E50DFF3C874D}.Debug|x86.Build.0 = Debug|Any CPU
		{12D79EDB-5B5A-4A87-904E-E50DFF3C874D}.Release|Any CPU.ActiveCfg = Release|Any CPU
		{12D79EDB-5B5A-4A87-904E-E50DFF3C874D}.Release|Any CPU.Build.0 = Release|Any CPU
		{12D79EDB-5B5A-4A87-904E-E50DFF3C874D}.Release|ARM.ActiveCfg = Release|Any CPU
		{12D79EDB-5B5A-4A87-904E-E50DFF3C874D}.Release|ARM.Build.0 = Release|Any CPU
		{12D79EDB-5B5A-4A87-904E-E50DFF3C874D}.Release|iPhone.ActiveCfg = Release|Any CPU
		{12D79EDB-5B5A-4A87-904E-E50DFF3C874D}.Release|iPhone.Build.0 = Release|Any CPU
		{12D79EDB-5B5A-4A87-904E-E50DFF3C874D}.Release|iPhoneSimulator.ActiveCfg = Release|Any CPU
		{12D79EDB-5B5A-4A87-904E-E50DFF3C874D}.Release|iPhoneSimulator.Build.0 = Release|Any CPU
		{12D79EDB-5B5A-4A87-904E-E50DFF3C874D}.Release|x64.ActiveCfg = Release|Any CPU
		{12D79EDB-5B5A-4A87-904E-E50DFF3C874D}.Release|x64.Build.0 = Release|Any CPU
		{12D79EDB-5B5A-4A87-904E-E50DFF3C874D}.Release|x86.ActiveCfg = Release|Any CPU
		{12D79EDB-5B5A-4A87-904E-E50DFF3C874D}.Release|x86.Build.0 = Release|Any CPU
		{705D1C16-7604-4C49-AF60-55A25D2120A8}.Debug|Any CPU.ActiveCfg = Debug|Any CPU
		{705D1C16-7604-4C49-AF60-55A25D2120A8}.Debug|Any CPU.Build.0 = Debug|Any CPU
		{705D1C16-7604-4C49-AF60-55A25D2120A8}.Debug|ARM.ActiveCfg = Debug|Any CPU
		{705D1C16-7604-4C49-AF60-55A25D2120A8}.Debug|ARM.Build.0 = Debug|Any CPU
		{705D1C16-7604-4C49-AF60-55A25D2120A8}.Debug|iPhone.ActiveCfg = Debug|Any CPU
		{705D1C16-7604-4C49-AF60-55A25D2120A8}.Debug|iPhone.Build.0 = Debug|Any CPU
		{705D1C16-7604-4C49-AF60-55A25D2120A8}.Debug|iPhoneSimulator.ActiveCfg = Debug|Any CPU
		{705D1C16-7604-4C49-AF60-55A25D2120A8}.Debug|iPhoneSimulator.Build.0 = Debug|Any CPU
		{705D1C16-7604-4C49-AF60-55A25D2120A8}.Debug|x64.ActiveCfg = Debug|Any CPU
		{705D1C16-7604-4C49-AF60-55A25D2120A8}.Debug|x64.Build.0 = Debug|Any CPU
		{705D1C16-7604-4C49-AF60-55A25D2120A8}.Debug|x86.ActiveCfg = Debug|Any CPU
		{705D1C16-7604-4C49-AF60-55A25D2120A8}.Debug|x86.Build.0 = Debug|Any CPU
		{705D1C16-7604-4C49-AF60-55A25D2120A8}.Release|Any CPU.ActiveCfg = Release|Any CPU
		{705D1C16-7604-4C49-AF60-55A25D2120A8}.Release|Any CPU.Build.0 = Release|Any CPU
		{705D1C16-7604-4C49-AF60-55A25D2120A8}.Release|ARM.ActiveCfg = Release|Any CPU
		{705D1C16-7604-4C49-AF60-55A25D2120A8}.Release|ARM.Build.0 = Release|Any CPU
		{705D1C16-7604-4C49-AF60-55A25D2120A8}.Release|iPhone.ActiveCfg = Release|Any CPU
		{705D1C16-7604-4C49-AF60-55A25D2120A8}.Release|iPhone.Build.0 = Release|Any CPU
		{705D1C16-7604-4C49-AF60-55A25D2120A8}.Release|iPhoneSimulator.ActiveCfg = Release|Any CPU
		{705D1C16-7604-4C49-AF60-55A25D2120A8}.Release|iPhoneSimulator.Build.0 = Release|Any CPU
		{705D1C16-7604-4C49-AF60-55A25D2120A8}.Release|x64.ActiveCfg = Release|Any CPU
		{705D1C16-7604-4C49-AF60-55A25D2120A8}.Release|x64.Build.0 = Release|Any CPU
		{705D1C16-7604-4C49-AF60-55A25D2120A8}.Release|x86.ActiveCfg = Release|Any CPU
		{705D1C16-7604-4C49-AF60-55A25D2120A8}.Release|x86.Build.0 = Release|Any CPU
	EndGlobalSection
	GlobalSection(SolutionProperties) = preSolution
		HideSolutionNode = FALSE
	EndGlobalSection
	GlobalSection(NestedProjects) = preSolution
		{3E4E8B64-FF8F-4B07-AE82-81E5FC2DDE59} = {4C42912C-9F8C-43D9-A4B5-4427F7EC8F18}
		{62AC62E7-F0DB-4D3E-8CC5-DEAE81B4F942} = {32B4A27D-6FC0-498C-9AD8-5510ACF2C4A1}
		{8B5AC9F1-91D3-4D14-9875-E9A4D2C96BA3} = {32B4A27D-6FC0-498C-9AD8-5510ACF2C4A1}
		{D0720395-9892-4CE1-9F25-C6117085B6F8} = {32B4A27D-6FC0-498C-9AD8-5510ACF2C4A1}
		{5BFEF4F8-2BA7-4050-8E5B-F03A072C2B17} = {32B4A27D-6FC0-498C-9AD8-5510ACF2C4A1}
		{1BD5FA09-D543-4315-99A6-81E9DD8746EC} = {7863AE7D-FF68-45BF-BA68-6FA0E5604CB7}
		{8BAAB509-6073-4D68-9F16-EA28986839B1} = {4C42912C-9F8C-43D9-A4B5-4427F7EC8F18}
		{81724F00-B7C3-4E25-B473-C7433BABDC81} = {B65D5B3A-77BE-4AFF-B502-A136B9C932F8}
		{CFA46E73-0050-4C57-85CE-6C5868A2483C} = {4C42912C-9F8C-43D9-A4B5-4427F7EC8F18}
		{D4467DCA-494D-4C32-9525-4A9713221A53} = {7863AE7D-FF68-45BF-BA68-6FA0E5604CB7}
		{522D1709-55DB-4930-8D49-8EDCE8994ECB} = {B65D5B3A-77BE-4AFF-B502-A136B9C932F8}
		{CA040840-EB98-4A35-8B20-D85AD8381EBB} = {B65D5B3A-77BE-4AFF-B502-A136B9C932F8}
		{4C970B2C-6C96-445B-B80B-4EFBF803FD5F} = {4C42912C-9F8C-43D9-A4B5-4427F7EC8F18}
		{29F59C87-EAE6-4DD3-8666-B79BFAF6B34D} = {4C42912C-9F8C-43D9-A4B5-4427F7EC8F18}
		{4E666156-B741-49BF-8ADB-4A3ED7B014A5} = {4C42912C-9F8C-43D9-A4B5-4427F7EC8F18}
		{11CDD679-A078-4F05-B72D-15A5A79206EB} = {B65D5B3A-77BE-4AFF-B502-A136B9C932F8}
		{6CF9532C-72AF-4509-BE5A-D6B4821BC6DC} = {B65D5B3A-77BE-4AFF-B502-A136B9C932F8}
		{DE4FB2BF-C204-4964-930E-BD22E1168040} = {B65D5B3A-77BE-4AFF-B502-A136B9C932F8}
		{8B0407E4-0A8A-4F46-A218-B9FE500091A4} = {4C42912C-9F8C-43D9-A4B5-4427F7EC8F18}
		{223B7A5A-E263-4D40-9A6E-FE31EAE92F45} = {4C42912C-9F8C-43D9-A4B5-4427F7EC8F18}
		{AB62FFBA-04D0-4240-86AA-4D435C62856A} = {64A83705-2C93-46EB-858D-76C81AAC7151}
		{CE71F08D-3803-4166-B679-EEB36A79F629} = {64A83705-2C93-46EB-858D-76C81AAC7151}
		{E301F89A-1A6F-4A97-9E84-81D9329637E5} = {64A83705-2C93-46EB-858D-76C81AAC7151}
		{12D79EDB-5B5A-4A87-904E-E50DFF3C874D} = {64A83705-2C93-46EB-858D-76C81AAC7151}
		{705D1C16-7604-4C49-AF60-55A25D2120A8} = {64A83705-2C93-46EB-858D-76C81AAC7151}
	EndGlobalSection
	GlobalSection(ExtensibilityGlobals) = postSolution
		SolutionGuid = {12D5E557-A27B-4FB2-83A3-4AC75B04B22C}
	EndGlobalSection
EndGlobal
