
Microsoft Visual Studio Solution File, Format Version 12.00
# Visual Studio Version 16
VisualStudioVersion = 16.0.29102.190
MinimumVisualStudioVersion = 15.0.26124.0
Project("{9A19103F-16F7-4668-BE54-9A1E7A4F7556}") = "Svg.Skia", "src\Svg.Skia\Svg.Skia.csproj", "{3E4E8B64-FF8F-4B07-AE82-81E5FC2DDE59}"
EndProject
Project("{9A19103F-16F7-4668-BE54-9A1E7A4F7556}") = "Svg.Skia.Converter", "src\Svg.Skia.Converter\Svg.Skia.Converter.csproj", "{B9021AAD-9788-4C21-A563-AEF4A82C2A50}"
EndProject
Project("{2150E333-8FDC-42A3-9474-1A3956D46DE8}") = "src", "src", "{4C42912C-9F8C-43D9-A4B5-4427F7EC8F18}"
EndProject
Project("{2150E333-8FDC-42A3-9474-1A3956D46DE8}") = "build", "build", "{32B4A27D-6FC0-498C-9AD8-5510ACF2C4A1}"
	ProjectSection(SolutionItems) = preProject
		.editorconfig = .editorconfig
		.nuke = .nuke
		build.ps1 = build.ps1
		build.sh = build.sh
		global.json = global.json
	EndProjectSection
EndProject
Project("{2150E333-8FDC-42A3-9474-1A3956D46DE8}") = "docs", "docs", "{8F2FA341-A87B-4BF8-986F-95A123073091}"
	ProjectSection(SolutionItems) = preProject
		LICENSE.TXT = LICENSE.TXT
		README.md = README.md
	EndProjectSection
EndProject
Project("{2150E333-8FDC-42A3-9474-1A3956D46DE8}") = "git", "git", "{62AC62E7-F0DB-4D3E-8CC5-DEAE81B4F942}"
	ProjectSection(SolutionItems) = preProject
		.gitattributes = .gitattributes
		.gitignore = .gitignore
		.gitmodules = .gitmodules
	EndProjectSection
EndProject
Project("{2150E333-8FDC-42A3-9474-1A3956D46DE8}") = "nuget", "nuget", "{8B5AC9F1-91D3-4D14-9875-E9A4D2C96BA3}"
	ProjectSection(SolutionItems) = preProject
		NuGet.Config = NuGet.Config
	EndProjectSection
EndProject
Project("{9A19103F-16F7-4668-BE54-9A1E7A4F7556}") = "_build", "build\build\_build.csproj", "{D0720395-9892-4CE1-9F25-C6117085B6F8}"
EndProject
Project("{2150E333-8FDC-42A3-9474-1A3956D46DE8}") = "props", "props", "{5BFEF4F8-2BA7-4050-8E5B-F03A072C2B17}"
	ProjectSection(SolutionItems) = preProject
		build\Base.props = build\Base.props
		build\Newtonsoft.Json.props = build\Newtonsoft.Json.props
		build\ReferenceAssemblies.props = build\ReferenceAssemblies.props
		build\SkiaSharp.props = build\SkiaSharp.props
		build\Svg.props = build\Svg.props
		build\System.CommandLine.props = build\System.CommandLine.props
		build\XUnit.props = build\XUnit.props
	EndProjectSection
EndProject
Project("{2150E333-8FDC-42A3-9474-1A3956D46DE8}") = "tests", "tests", "{7863AE7D-FF68-45BF-BA68-6FA0E5604CB7}"
EndProject
Project("{9A19103F-16F7-4668-BE54-9A1E7A4F7556}") = "Svg.Skia.UnitTests", "tests\Svg.Skia.UnitTests\Svg.Skia.UnitTests.csproj", "{1BD5FA09-D543-4315-99A6-81E9DD8746EC}"
EndProject
Project("{9A19103F-16F7-4668-BE54-9A1E7A4F7556}") = "SvgToPng", "tests\SvgToPng\SvgToPng.csproj", "{89E68960-DAFA-474E-B797-E683DAE789DF}"
EndProject
Project("{2150E333-8FDC-42A3-9474-1A3956D46DE8}") = "external", "external", "{94E979B4-E825-44AE-969E-EFFB83F83E64}"
EndProject
Project("{9A19103F-16F7-4668-BE54-9A1E7A4F7556}") = "Svg", "externals\SVG\Source\Svg.csproj", "{886A98C5-37C0-4E8B-885E-30C1D2F98B47}"
EndProject
Global
	GlobalSection(SolutionConfigurationPlatforms) = preSolution
		Debug|Any CPU = Debug|Any CPU
		Debug|x64 = Debug|x64
		Debug|x86 = Debug|x86
		Release|Any CPU = Release|Any CPU
		Release|x64 = Release|x64
		Release|x86 = Release|x86
	EndGlobalSection
	GlobalSection(ProjectConfigurationPlatforms) = postSolution
		{3E4E8B64-FF8F-4B07-AE82-81E5FC2DDE59}.Debug|Any CPU.ActiveCfg = Debug|Any CPU
		{3E4E8B64-FF8F-4B07-AE82-81E5FC2DDE59}.Debug|Any CPU.Build.0 = Debug|Any CPU
		{3E4E8B64-FF8F-4B07-AE82-81E5FC2DDE59}.Debug|x64.ActiveCfg = Debug|Any CPU
		{3E4E8B64-FF8F-4B07-AE82-81E5FC2DDE59}.Debug|x64.Build.0 = Debug|Any CPU
		{3E4E8B64-FF8F-4B07-AE82-81E5FC2DDE59}.Debug|x86.ActiveCfg = Debug|Any CPU
		{3E4E8B64-FF8F-4B07-AE82-81E5FC2DDE59}.Debug|x86.Build.0 = Debug|Any CPU
		{3E4E8B64-FF8F-4B07-AE82-81E5FC2DDE59}.Release|Any CPU.ActiveCfg = Release|Any CPU
		{3E4E8B64-FF8F-4B07-AE82-81E5FC2DDE59}.Release|Any CPU.Build.0 = Release|Any CPU
		{3E4E8B64-FF8F-4B07-AE82-81E5FC2DDE59}.Release|x64.ActiveCfg = Release|Any CPU
		{3E4E8B64-FF8F-4B07-AE82-81E5FC2DDE59}.Release|x64.Build.0 = Release|Any CPU
		{3E4E8B64-FF8F-4B07-AE82-81E5FC2DDE59}.Release|x86.ActiveCfg = Release|Any CPU
		{3E4E8B64-FF8F-4B07-AE82-81E5FC2DDE59}.Release|x86.Build.0 = Release|Any CPU
		{B9021AAD-9788-4C21-A563-AEF4A82C2A50}.Debug|Any CPU.ActiveCfg = Debug|Any CPU
		{B9021AAD-9788-4C21-A563-AEF4A82C2A50}.Debug|Any CPU.Build.0 = Debug|Any CPU
		{B9021AAD-9788-4C21-A563-AEF4A82C2A50}.Debug|x64.ActiveCfg = Debug|Any CPU
		{B9021AAD-9788-4C21-A563-AEF4A82C2A50}.Debug|x64.Build.0 = Debug|Any CPU
		{B9021AAD-9788-4C21-A563-AEF4A82C2A50}.Debug|x86.ActiveCfg = Debug|Any CPU
		{B9021AAD-9788-4C21-A563-AEF4A82C2A50}.Debug|x86.Build.0 = Debug|Any CPU
		{B9021AAD-9788-4C21-A563-AEF4A82C2A50}.Release|Any CPU.ActiveCfg = Release|Any CPU
		{B9021AAD-9788-4C21-A563-AEF4A82C2A50}.Release|Any CPU.Build.0 = Release|Any CPU
		{B9021AAD-9788-4C21-A563-AEF4A82C2A50}.Release|x64.ActiveCfg = Release|Any CPU
		{B9021AAD-9788-4C21-A563-AEF4A82C2A50}.Release|x64.Build.0 = Release|Any CPU
		{B9021AAD-9788-4C21-A563-AEF4A82C2A50}.Release|x86.ActiveCfg = Release|Any CPU
		{B9021AAD-9788-4C21-A563-AEF4A82C2A50}.Release|x86.Build.0 = Release|Any CPU
		{D0720395-9892-4CE1-9F25-C6117085B6F8}.Debug|Any CPU.ActiveCfg = Debug|Any CPU
		{D0720395-9892-4CE1-9F25-C6117085B6F8}.Debug|Any CPU.Build.0 = Debug|Any CPU
		{D0720395-9892-4CE1-9F25-C6117085B6F8}.Debug|x64.ActiveCfg = Debug|Any CPU
		{D0720395-9892-4CE1-9F25-C6117085B6F8}.Debug|x64.Build.0 = Debug|Any CPU
		{D0720395-9892-4CE1-9F25-C6117085B6F8}.Debug|x86.ActiveCfg = Debug|Any CPU
		{D0720395-9892-4CE1-9F25-C6117085B6F8}.Debug|x86.Build.0 = Debug|Any CPU
		{D0720395-9892-4CE1-9F25-C6117085B6F8}.Release|Any CPU.ActiveCfg = Release|Any CPU
		{D0720395-9892-4CE1-9F25-C6117085B6F8}.Release|Any CPU.Build.0 = Release|Any CPU
		{D0720395-9892-4CE1-9F25-C6117085B6F8}.Release|x64.ActiveCfg = Release|Any CPU
		{D0720395-9892-4CE1-9F25-C6117085B6F8}.Release|x64.Build.0 = Release|Any CPU
		{D0720395-9892-4CE1-9F25-C6117085B6F8}.Release|x86.ActiveCfg = Release|Any CPU
		{D0720395-9892-4CE1-9F25-C6117085B6F8}.Release|x86.Build.0 = Release|Any CPU
		{1BD5FA09-D543-4315-99A6-81E9DD8746EC}.Debug|Any CPU.ActiveCfg = Debug|Any CPU
		{1BD5FA09-D543-4315-99A6-81E9DD8746EC}.Debug|Any CPU.Build.0 = Debug|Any CPU
		{1BD5FA09-D543-4315-99A6-81E9DD8746EC}.Debug|x64.ActiveCfg = Debug|Any CPU
		{1BD5FA09-D543-4315-99A6-81E9DD8746EC}.Debug|x64.Build.0 = Debug|Any CPU
		{1BD5FA09-D543-4315-99A6-81E9DD8746EC}.Debug|x86.ActiveCfg = Debug|Any CPU
		{1BD5FA09-D543-4315-99A6-81E9DD8746EC}.Debug|x86.Build.0 = Debug|Any CPU
		{1BD5FA09-D543-4315-99A6-81E9DD8746EC}.Release|Any CPU.ActiveCfg = Release|Any CPU
		{1BD5FA09-D543-4315-99A6-81E9DD8746EC}.Release|Any CPU.Build.0 = Release|Any CPU
		{1BD5FA09-D543-4315-99A6-81E9DD8746EC}.Release|x64.ActiveCfg = Release|Any CPU
		{1BD5FA09-D543-4315-99A6-81E9DD8746EC}.Release|x64.Build.0 = Release|Any CPU
		{1BD5FA09-D543-4315-99A6-81E9DD8746EC}.Release|x86.ActiveCfg = Release|Any CPU
		{1BD5FA09-D543-4315-99A6-81E9DD8746EC}.Release|x86.Build.0 = Release|Any CPU
		{89E68960-DAFA-474E-B797-E683DAE789DF}.Debug|Any CPU.ActiveCfg = Debug|Any CPU
		{89E68960-DAFA-474E-B797-E683DAE789DF}.Debug|Any CPU.Build.0 = Debug|Any CPU
		{89E68960-DAFA-474E-B797-E683DAE789DF}.Debug|x64.ActiveCfg = Debug|Any CPU
		{89E68960-DAFA-474E-B797-E683DAE789DF}.Debug|x86.ActiveCfg = Debug|Any CPU
		{89E68960-DAFA-474E-B797-E683DAE789DF}.Release|Any CPU.ActiveCfg = Release|Any CPU
		{89E68960-DAFA-474E-B797-E683DAE789DF}.Release|Any CPU.Build.0 = Release|Any CPU
		{89E68960-DAFA-474E-B797-E683DAE789DF}.Release|x64.ActiveCfg = Release|Any CPU
		{89E68960-DAFA-474E-B797-E683DAE789DF}.Release|x86.ActiveCfg = Release|Any CPU
		{886A98C5-37C0-4E8B-885E-30C1D2F98B47}.Debug|Any CPU.ActiveCfg = Debug|Any CPU
		{886A98C5-37C0-4E8B-885E-30C1D2F98B47}.Debug|x64.ActiveCfg = Debug|Any CPU
		{886A98C5-37C0-4E8B-885E-30C1D2F98B47}.Debug|x86.ActiveCfg = Debug|Any CPU
		{886A98C5-37C0-4E8B-885E-30C1D2F98B47}.Release|Any CPU.ActiveCfg = Release|Any CPU
		{886A98C5-37C0-4E8B-885E-30C1D2F98B47}.Release|x64.ActiveCfg = Release|Any CPU
		{886A98C5-37C0-4E8B-885E-30C1D2F98B47}.Release|x86.ActiveCfg = Release|Any CPU
	EndGlobalSection
	GlobalSection(SolutionProperties) = preSolution
		HideSolutionNode = FALSE
	EndGlobalSection
	GlobalSection(NestedProjects) = preSolution
		{3E4E8B64-FF8F-4B07-AE82-81E5FC2DDE59} = {4C42912C-9F8C-43D9-A4B5-4427F7EC8F18}
		{B9021AAD-9788-4C21-A563-AEF4A82C2A50} = {4C42912C-9F8C-43D9-A4B5-4427F7EC8F18}
		{62AC62E7-F0DB-4D3E-8CC5-DEAE81B4F942} = {32B4A27D-6FC0-498C-9AD8-5510ACF2C4A1}
		{8B5AC9F1-91D3-4D14-9875-E9A4D2C96BA3} = {32B4A27D-6FC0-498C-9AD8-5510ACF2C4A1}
		{D0720395-9892-4CE1-9F25-C6117085B6F8} = {32B4A27D-6FC0-498C-9AD8-5510ACF2C4A1}
		{5BFEF4F8-2BA7-4050-8E5B-F03A072C2B17} = {32B4A27D-6FC0-498C-9AD8-5510ACF2C4A1}
		{1BD5FA09-D543-4315-99A6-81E9DD8746EC} = {7863AE7D-FF68-45BF-BA68-6FA0E5604CB7}
		{89E68960-DAFA-474E-B797-E683DAE789DF} = {7863AE7D-FF68-45BF-BA68-6FA0E5604CB7}
		{886A98C5-37C0-4E8B-885E-30C1D2F98B47} = {94E979B4-E825-44AE-969E-EFFB83F83E64}
	EndGlobalSection
	GlobalSection(ExtensibilityGlobals) = postSolution
		SolutionGuid = {12D5E557-A27B-4FB2-83A3-4AC75B04B22C}
	EndGlobalSection
EndGlobal
