
Microsoft Visual Studio Solution File, Format Version 12.00
# Visual Studio Version 17
VisualStudioVersion = 17.9.34622.214
MinimumVisualStudioVersion = 10.0.40219.1
Project("{9A19103F-16F7-4668-BE54-9A1E7A4F7556}") = "Avalonia.Svg.Skia.UiTests", "Avalonia.Svg.Skia.UiTests.csproj", "{C8D4CD79-3970-40E9-B561-DB3A184B1CD3}"
EndProject
Project("{FAE04EC0-301F-11D3-BF4B-00C04F79EFBC}") = "Svg.Controls.Skia.Avalonia", "..\..\src\Svg.Controls.Skia.Avalonia\Svg.Controls.Skia.Avalonia.csproj", "{EA05DA0E-88C1-430C-9781-0B2F63BF014E}"
EndProject
Global
	GlobalSection(SolutionConfigurationPlatforms) = preSolution
		Debug|Any CPU = Debug|Any CPU
		Release|Any CPU = Release|Any CPU
	EndGlobalSection
	GlobalSection(ProjectConfigurationPlatforms) = postSolution
		{C8D4CD79-3970-40E9-B561-DB3A184B1CD3}.Debug|Any CPU.ActiveCfg = Debug|Any CPU
		{C8D4CD79-3970-40E9-B561-DB3A184B1CD3}.Debug|Any CPU.Build.0 = Debug|Any CPU
		{C8D4CD79-3970-40E9-B561-DB3A184B1CD3}.Release|Any CPU.ActiveCfg = Release|Any CPU
		{C8D4CD79-3970-40E9-B561-DB3A184B1CD3}.Release|Any CPU.Build.0 = Release|Any CPU
		{EA05DA0E-88C1-430C-9781-0B2F63BF014E}.Debug|Any CPU.ActiveCfg = Debug|Any CPU
		{EA05DA0E-88C1-430C-9781-0B2F63BF014E}.Debug|Any CPU.Build.0 = Debug|Any CPU
		{EA05DA0E-88C1-430C-9781-0B2F63BF014E}.Release|Any CPU.ActiveCfg = Release|Any CPU
		{EA05DA0E-88C1-430C-9781-0B2F63BF014E}.Release|Any CPU.Build.0 = Release|Any CPU
	EndGlobalSection
	GlobalSection(SolutionProperties) = preSolution
		HideSolutionNode = FALSE
	EndGlobalSection
	GlobalSection(ExtensibilityGlobals) = postSolution
		SolutionGuid = {DFF9854E-0239-420F-AB1D-1C12D9239A1D}
	EndGlobalSection
EndGlobal
